// !$*UTF8*$!
{
	archiveVersion = 1;
	classes = {
	};
	objectVersion = 100;
	objects = {

/* Begin PBXBuildFile section */
		F32429E02DDDBFEB000A16E8 /* ScrechKit in Frameworks */ = {isa = PBXBuildFile; productRef = F32429DF2DDDBFEB000A16E8 /* ScrechKit */; };
		F32429E22DDDBFF1000A16E8 /* ScrechKit in Frameworks */ = {isa = PBXBuildFile; productRef = F32429E12DDDBFF1000A16E8 /* ScrechKit */; };
		F33183262CB5B9E3009D518A /* DeviceKit in Frameworks */ = {isa = PBXBuildFile; productRef = F33183252CB5B9E3009D518A /* DeviceKit */; };
		F358F0392D2C1DC500BCC07B /* LaunchAtLogin in Frameworks */ = {isa = PBXBuildFile; productRef = F358F0382D2C1DC500BCC07B /* LaunchAtLogin */; };
		F3965D812CB8F828004F3AFF /* WidgetKit.framework in Frameworks */ = {isa = PBXBuildFile; fileRef = F3965D802CB8F828004F3AFF /* WidgetKit.framework */; };
		F3965D832CB8F828004F3AFF /* SwiftUI.framework in Frameworks */ = {isa = PBXBuildFile; fileRef = F3965D822CB8F828004F3AFF /* SwiftUI.framework */; };
		F3965D912CB8F829004F3AFF /* Widgets.appex in Embed Foundation Extensions */ = {isa = PBXBuildFile; fileRef = F3965D7E2CB8F828004F3AFF /* Widgets.appex */; settings = {ATTRIBUTES = (RemoveHeadersOnCopy, ); }; };
/* End PBXBuildFile section */

/* Begin PBXContainerItemProxy section */
		F369EB332CBD22C7003F0AF6 /* PBXContainerItemProxy */ = {
			isa = PBXContainerItemProxy;
			containerPortal = F33182EF2CB5B26F009D518A /* Project object */;
			proxyType = 1;
			remoteGlobalIDString = F33182F62CB5B26F009D518A;
			remoteInfo = "Pro Battery";
		};
		F3965D8F2CB8F829004F3AFF /* PBXContainerItemProxy */ = {
			isa = PBXContainerItemProxy;
			containerPortal = F33182EF2CB5B26F009D518A /* Project object */;
			proxyType = 1;
			remoteGlobalIDString = F3965D7D2CB8F828004F3AFF;
			remoteInfo = WidgetsExtension;
		};
/* End PBXContainerItemProxy section */

/* Begin PBXCopyFilesBuildPhase section */
		F33708782DD92A74006834F8 /* Embed Frameworks */ = {
			isa = PBXCopyFilesBuildPhase;
			dstPath = "";
			dstSubfolder = Frameworks;
			files = (
			);
			name = "Embed Frameworks";
		};
		F3965D962CB8F829004F3AFF /* Embed Foundation Extensions */ = {
			isa = PBXCopyFilesBuildPhase;
			dstPath = "";
			dstSubfolder = PlugIns;
			files = (
				F3965D912CB8F829004F3AFF /* Widgets.appex in Embed Foundation Extensions */,
			);
			name = "Embed Foundation Extensions";
		};
/* End PBXCopyFilesBuildPhase section */

/* Begin PBXFileReference section */
		F33182F72CB5B26F009D518A /* Pro Battery.app */ = {isa = PBXFileReference; explicitFileType = wrapper.application; includeInIndex = 0; path = "Pro Battery.app"; sourceTree = BUILT_PRODUCTS_DIR; };
		F369EB2F2CBD22C7003F0AF6 /* Unit Tests.xctest */ = {isa = PBXFileReference; explicitFileType = wrapper.cfbundle; includeInIndex = 0; path = "Unit Tests.xctest"; sourceTree = BUILT_PRODUCTS_DIR; };
		F3965D7E2CB8F828004F3AFF /* Widgets.appex */ = {isa = PBXFileReference; explicitFileType = "wrapper.app-extension"; includeInIndex = 0; path = Widgets.appex; sourceTree = BUILT_PRODUCTS_DIR; };
		F3965D802CB8F828004F3AFF /* WidgetKit.framework */ = {isa = PBXFileReference; lastKnownFileType = wrapper.framework; name = WidgetKit.framework; path = System/Library/Frameworks/WidgetKit.framework; sourceTree = SDKROOT; };
		F3965D822CB8F828004F3AFF /* SwiftUI.framework */ = {isa = PBXFileReference; lastKnownFileType = wrapper.framework; name = SwiftUI.framework; path = System/Library/Frameworks/SwiftUI.framework; sourceTree = SDKROOT; };
		F3AE99DF2E2F887D00D70249 /* README.md */ = {isa = PBXFileReference; lastKnownFileType = net.daringfireball.markdown; path = README.md; sourceTree = "<group>"; };
		F3E066462F467F20001B77CD /* LICENSE.txt */ = {isa = PBXFileReference; lastKnownFileType = text; path = LICENSE.txt; sourceTree = "<group>"; };
/* End PBXFileReference section */

/* Begin PBXFileSystemSynchronizedBuildFileExceptionSet section */
		F383BB2A2ECF364100350A0F /* Exceptions for "Pro Battery" folder in "Pro Battery" target */ = {
			isa = PBXFileSystemSynchronizedBuildFileExceptionSet;
			membershipExceptions = (
				macOS.plist,
			);
			target = F33182F62CB5B26F009D518A /* Pro Battery */;
		};
		F383BB2B2ECF364100350A0F /* Exceptions for "Pro Battery" folder in "Widgets" target */ = {
			isa = PBXFileSystemSynchronizedBuildFileExceptionSet;
			membershipExceptions = (
				AppIcon.icon,
				BatteryGauge.swift,
				fetchBatteryLevel.swift,
				Fetching/FetchCapacity.swift,
				Fetching/FetchCondition.swift,
				Fetching/FetchCycles.swift,
				Fetching/FetchDesignCycles.swift,
				Fetching/FetchTemperature.swift,
				Localizable.xcstrings,
			);
			target = F3965D7D2CB8F828004F3AFF /* Widgets */;
		};
		F383BBC32ECF366300350A0F /* Exceptions for "Widgets" folder in "Pro Battery" target */ = {
			isa = PBXFileSystemSynchronizedBuildFileExceptionSet;
			membershipExceptions = (
				FetchBatteryProps.swift,
			);
			target = F33182F62CB5B26F009D518A /* Pro Battery */;
		};
		F383BBC42ECF366300350A0F /* Exceptions for "Widgets" folder in "Widgets" target */ = {
			isa = PBXFileSystemSynchronizedBuildFileExceptionSet;
			membershipExceptions = (
				Widgets.plist,
			);
			target = F3965D7D2CB8F828004F3AFF /* Widgets */;
		};
/* End PBXFileSystemSynchronizedBuildFileExceptionSet section */

/* Begin PBXFileSystemSynchronizedRootGroup section */
		F3839DA02ECF2AB600350A0F /* Unit Tests */ = {
			isa = PBXFileSystemSynchronizedRootGroup;
			path = "Unit Tests";
			sourceTree = "<group>";
		};
		F383BB102ECF364100350A0F /* Pro Battery */ = {
			isa = PBXFileSystemSynchronizedRootGroup;
			exceptions = (
				F383BB2A2ECF364100350A0F /* Exceptions for "Pro Battery" folder in "Pro Battery" target */,
				F383BB2B2ECF364100350A0F /* Exceptions for "Pro Battery" folder in "Widgets" target */,
			);
			path = "Pro Battery";
			sourceTree = "<group>";
		};
		F383BB9C2ECF366300350A0F /* Widgets */ = {
			isa = PBXFileSystemSynchronizedRootGroup;
			exceptions = (
				F383BBC32ECF366300350A0F /* Exceptions for "Widgets" folder in "Pro Battery" target */,
				F383BBC42ECF366300350A0F /* Exceptions for "Widgets" folder in "Widgets" target */,
			);
			path = Widgets;
			sourceTree = "<group>";
		};
/* End PBXFileSystemSynchronizedRootGroup section */

/* Begin PBXFrameworksBuildPhase section */
		F33182F42CB5B26F009D518A /* Frameworks */ = {
			isa = PBXFrameworksBuildPhase;
			files = (
				F32429E02DDDBFEB000A16E8 /* ScrechKit in Frameworks */,
				F358F0392D2C1DC500BCC07B /* LaunchAtLogin in Frameworks */,
				F33183262CB5B9E3009D518A /* DeviceKit in Frameworks */,
			);
		};
		F369EB2C2CBD22C7003F0AF6 /* Frameworks */ = {
			isa = PBXFrameworksBuildPhase;
			files = (
			);
		};
		F3965D7B2CB8F828004F3AFF /* Frameworks */ = {
			isa = PBXFrameworksBuildPhase;
			files = (
				F32429E22DDDBFF1000A16E8 /* ScrechKit in Frameworks */,
				F3965D832CB8F828004F3AFF /* SwiftUI.framework in Frameworks */,
				F3965D812CB8F828004F3AFF /* WidgetKit.framework in Frameworks */,
			);
		};
/* End PBXFrameworksBuildPhase section */

/* Begin PBXGroup section */
		F33182EE2CB5B26F009D518A = {
			isa = PBXGroup;
			children = (
				F3AE99DF2E2F887D00D70249 /* README.md */,
				F3E066462F467F20001B77CD /* LICENSE.txt */,
				F383BB102ECF364100350A0F /* Pro Battery */,
				F383BB9C2ECF366300350A0F /* Widgets */,
				F3839DA02ECF2AB600350A0F /* Unit Tests */,
				F3965D7F2CB8F828004F3AFF /* Frameworks */,
				F33182F82CB5B26F009D518A /* Products */,
			);
			sourceTree = "<group>";
		};
		F33182F82CB5B26F009D518A /* Products */ = {
			isa = PBXGroup;
			children = (
				F33182F72CB5B26F009D518A /* Pro Battery.app */,
				F3965D7E2CB8F828004F3AFF /* Widgets.appex */,
				F369EB2F2CBD22C7003F0AF6 /* Unit Tests.xctest */,
			);
			name = Products;
			sourceTree = "<group>";
		};
		F3965D7F2CB8F828004F3AFF /* Frameworks */ = {
			isa = PBXGroup;
			children = (
				F3965D802CB8F828004F3AFF /* WidgetKit.framework */,
				F3965D822CB8F828004F3AFF /* SwiftUI.framework */,
			);
			name = Frameworks;
			sourceTree = "<group>";
		};
/* End PBXGroup section */

/* Begin PBXNativeTarget section */
		F33182F62CB5B26F009D518A /* Pro Battery */ = {
			isa = PBXNativeTarget;
			buildConfigurationList = F33183062CB5B26F009D518A /* Build configuration list for PBXNativeTarget "Pro Battery" */;
			buildPhases = (
				F33182F32CB5B26F009D518A /* Sources */,
				F33182F42CB5B26F009D518A /* Frameworks */,
				F33182F52CB5B26F009D518A /* Resources */,
				F3965D962CB8F829004F3AFF /* Embed Foundation Extensions */,
				F33708782DD92A74006834F8 /* Embed Frameworks */,
			);
			buildRules = (
			);
			dependencies = (
				F3965D902CB8F829004F3AFF /* PBXTargetDependency */,
			);
			fileSystemSynchronizedGroups = (
				F383BB102ECF364100350A0F /* Pro Battery */,
			);
			name = "Pro Battery";
			packageProductDependencies = (
				F33183252CB5B9E3009D518A /* DeviceKit */,
				F358F0382D2C1DC500BCC07B /* LaunchAtLogin */,
				F32429DF2DDDBFEB000A16E8 /* ScrechKit */,
			);
			productName = "Pro Battery";
			productReference = F33182F72CB5B26F009D518A /* Pro Battery.app */;
			productType = "com.apple.product-type.application";
		};
		F369EB2E2CBD22C7003F0AF6 /* Unit Tests */ = {
			isa = PBXNativeTarget;
			buildConfigurationList = F369EB372CBD22C7003F0AF6 /* Build configuration list for PBXNativeTarget "Unit Tests" */;
			buildPhases = (
				F369EB2B2CBD22C7003F0AF6 /* Sources */,
				F369EB2C2CBD22C7003F0AF6 /* Frameworks */,
				F369EB2D2CBD22C7003F0AF6 /* Resources */,
			);
			buildRules = (
			);
			dependencies = (
				F369EB342CBD22C7003F0AF6 /* PBXTargetDependency */,
			);
			fileSystemSynchronizedGroups = (
				F3839DA02ECF2AB600350A0F /* Unit Tests */,
			);
			name = "Unit Tests";
			productName = "Unit Tests";
			productReference = F369EB2F2CBD22C7003F0AF6 /* Unit Tests.xctest */;
			productType = "com.apple.product-type.bundle.unit-test";
		};
		F3965D7D2CB8F828004F3AFF /* Widgets */ = {
			isa = PBXNativeTarget;
			buildConfigurationList = F3965D932CB8F829004F3AFF /* Build configuration list for PBXNativeTarget "Widgets" */;
			buildPhases = (
				F3965D7A2CB8F828004F3AFF /* Sources */,
				F3965D7B2CB8F828004F3AFF /* Frameworks */,
				F3965D7C2CB8F828004F3AFF /* Resources */,
			);
			buildRules = (
			);
			fileSystemSynchronizedGroups = (
				F383BB9C2ECF366300350A0F /* Widgets */,
			);
			name = Widgets;
			packageProductDependencies = (
				F32429E12DDDBFF1000A16E8 /* ScrechKit */,
			);
			productName = WidgetsExtension;
			productReference = F3965D7E2CB8F828004F3AFF /* Widgets.appex */;
			productType = "com.apple.product-type.app-extension";
		};
/* End PBXNativeTarget section */

/* Begin PBXProject section */
		F33182EF2CB5B26F009D518A /* Project object */ = {
			isa = PBXProject;
			attributes = {
				BuildIndependentTargetsInParallel = 1;
				LastSwiftUpdateCheck = 1600;
				LastUpgradeCheck = 2600;
				TargetAttributes = {
					F33182F62CB5B26F009D518A = {
						CreatedOnToolsVersion = 16.0;
					};
					F369EB2E2CBD22C7003F0AF6 = {
						CreatedOnToolsVersion = 16.0;
						TestTargetID = F33182F62CB5B26F009D518A;
					};
					F3965D7D2CB8F828004F3AFF = {
						CreatedOnToolsVersion = 16.0;
					};
				};
			};
			buildConfigurationList = F33182F22CB5B26F009D518A /* Build configuration list for PBXProject "Pro Battery" */;
			developmentRegion = en;
			hasScannedForEncodings = 0;
			knownRegions = (
				en,
				Base,
				ru,
				nl,
			);
			mainGroup = F33182EE2CB5B26F009D518A;
			minimizedProjectReferenceProxies = 1;
			packageReferences = (
				F33183212CB5B837009D518A /* XCRemoteSwiftPackageReference "ScrechKit" */,
				F33183242CB5B9E3009D518A /* XCRemoteSwiftPackageReference "DeviceKit" */,
				F358F0372D2C1DC500BCC07B /* XCRemoteSwiftPackageReference "LaunchAtLogin" */,
			);
			preferredProjectObjectVersion = 100;
			productRefGroup = F33182F82CB5B26F009D518A /* Products */;
			projectDirPath = "";
			projectRoot = "";
			targets = (
				F33182F62CB5B26F009D518A /* Pro Battery */,
				F3965D7D2CB8F828004F3AFF /* Widgets */,
				F369EB2E2CBD22C7003F0AF6 /* Unit Tests */,
			);
		};
/* End PBXProject section */

/* Begin PBXResourcesBuildPhase section */
		F33182F52CB5B26F009D518A /* Resources */ = {
			isa = PBXResourcesBuildPhase;
			files = (
			);
		};
		F369EB2D2CBD22C7003F0AF6 /* Resources */ = {
			isa = PBXResourcesBuildPhase;
			files = (
			);
		};
		F3965D7C2CB8F828004F3AFF /* Resources */ = {
			isa = PBXResourcesBuildPhase;
			files = (
			);
		};
/* End PBXResourcesBuildPhase section */

/* Begin PBXSourcesBuildPhase section */
		F33182F32CB5B26F009D518A /* Sources */ = {
			isa = PBXSourcesBuildPhase;
			files = (
			);
		};
		F369EB2B2CBD22C7003F0AF6 /* Sources */ = {
			isa = PBXSourcesBuildPhase;
			files = (
			);
		};
		F3965D7A2CB8F828004F3AFF /* Sources */ = {
			isa = PBXSourcesBuildPhase;
			files = (
			);
		};
/* End PBXSourcesBuildPhase section */

/* Begin PBXTargetDependency section */
		F369EB342CBD22C7003F0AF6 /* PBXTargetDependency */ = {
			isa = PBXTargetDependency;
			target = F33182F62CB5B26F009D518A /* Pro Battery */;
			targetProxy = F369EB332CBD22C7003F0AF6 /* PBXContainerItemProxy */;
		};
		F3965D902CB8F829004F3AFF /* PBXTargetDependency */ = {
			isa = PBXTargetDependency;
			target = F3965D7D2CB8F828004F3AFF /* Widgets */;
			targetProxy = F3965D8F2CB8F829004F3AFF /* PBXContainerItemProxy */;
		};
/* End PBXTargetDependency section */

/* Begin XCBuildConfiguration section */
		F33183042CB5B26F009D518A /* Debug configuration for PBXProject "Pro Battery" */ = {
			isa = XCBuildConfiguration;
			buildSettings = {
				ALWAYS_SEARCH_USER_PATHS = NO;
				ASSETCATALOG_COMPILER_GENERATE_SWIFT_ASSET_SYMBOL_EXTENSIONS = YES;
				CLANG_ANALYZER_LOCALIZABILITY_NONLOCALIZED = YES;
				CLANG_ANALYZER_NONNULL = YES;
				CLANG_ANALYZER_NUMBER_OBJECT_CONVERSION = YES_AGGRESSIVE;
				CLANG_CXX_LANGUAGE_STANDARD = "gnu++20";
				CLANG_ENABLE_MODULES = YES;
				CLANG_ENABLE_OBJC_ARC = YES;
				CLANG_ENABLE_OBJC_WEAK = YES;
				CLANG_WARN_BLOCK_CAPTURE_AUTORELEASING = YES;
				CLANG_WARN_BOOL_CONVERSION = YES;
				CLANG_WARN_COMMA = YES;
				CLANG_WARN_CONSTANT_CONVERSION = YES;
				CLANG_WARN_DEPRECATED_OBJC_IMPLEMENTATIONS = YES;
				CLANG_WARN_DIRECT_OBJC_ISA_USAGE = YES_ERROR;
				CLANG_WARN_DOCUMENTATION_COMMENTS = YES;
				CLANG_WARN_EMPTY_BODY = YES;
				CLANG_WARN_ENUM_CONVERSION = YES;
				CLANG_WARN_INFINITE_RECURSION = YES;
				CLANG_WARN_INT_CONVERSION = YES;
				CLANG_WARN_NON_LITERAL_NULL_CONVERSION = YES;
				CLANG_WARN_OBJC_IMPLICIT_RETAIN_SELF = YES;
				CLANG_WARN_OBJC_LITERAL_CONVERSION = YES;
				CLANG_WARN_OBJC_ROOT_CLASS = YES_ERROR;
				CLANG_WARN_QUOTED_INCLUDE_IN_FRAMEWORK_HEADER = YES;
				CLANG_WARN_RANGE_LOOP_ANALYSIS = YES;
				CLANG_WARN_STRICT_PROTOTYPES = YES;
				CLANG_WARN_SUSPICIOUS_MOVE = YES;
				CLANG_WARN_UNGUARDED_AVAILABILITY = YES_AGGRESSIVE;
				CLANG_WARN_UNREACHABLE_CODE = YES;
				CLANG_WARN__DUPLICATE_METHOD_MATCH = YES;
				COPY_PHASE_STRIP = NO;
				CURRENT_PROJECT_VERSION = 0;
				DEAD_CODE_STRIPPING = YES;
				DEBUG_INFORMATION_FORMAT = dwarf;
				DEVELOPMENT_TEAM = 8FQUA2F388;
				ENABLE_STRICT_OBJC_MSGSEND = YES;
				ENABLE_TESTABILITY = YES;
				ENABLE_USER_SCRIPT_SANDBOXING = YES;
				GCC_C_LANGUAGE_STANDARD = gnu17;
				GCC_DYNAMIC_NO_PIC = NO;
				GCC_NO_COMMON_BLOCKS = YES;
				GCC_OPTIMIZATION_LEVEL = 0;
				GCC_PREPROCESSOR_DEFINITIONS = (
					"DEBUG=1",
					"$(inherited)",
				);
				GCC_WARN_64_TO_32_BIT_CONVERSION = YES;
				GCC_WARN_ABOUT_RETURN_TYPE = YES_ERROR;
				GCC_WARN_UNDECLARED_SELECTOR = YES;
				GCC_WARN_UNINITIALIZED_AUTOS = YES_AGGRESSIVE;
				GCC_WARN_UNUSED_FUNCTION = YES;
				GCC_WARN_UNUSED_VARIABLE = YES;
				LOCALIZATION_PREFERS_STRING_CATALOGS = YES;
				MARKETING_VERSION = 26.0.4;
				MTL_ENABLE_DEBUG_INFO = INCLUDE_SOURCE;
				MTL_FAST_MATH = YES;
				ONLY_ACTIVE_ARCH = YES;
				STRING_CATALOG_GENERATE_SYMBOLS = YES;
				SWIFT_ACTIVE_COMPILATION_CONDITIONS = "DEBUG $(inherited)";
				SWIFT_EMIT_LOC_STRINGS = YES;
				SWIFT_OPTIMIZATION_LEVEL = "-Onone";
			};
			name = Debug;
		};
		F33183052CB5B26F009D518A /* Release configuration for PBXProject "Pro Battery" */ = {
			isa = XCBuildConfiguration;
			buildSettings = {
				ALWAYS_SEARCH_USER_PATHS = NO;
				ASSETCATALOG_COMPILER_GENERATE_SWIFT_ASSET_SYMBOL_EXTENSIONS = YES;
				CLANG_ANALYZER_LOCALIZABILITY_NONLOCALIZED = YES;
				CLANG_ANALYZER_NONNULL = YES;
				CLANG_ANALYZER_NUMBER_OBJECT_CONVERSION = YES_AGGRESSIVE;
				CLANG_CXX_LANGUAGE_STANDARD = "gnu++20";
				CLANG_ENABLE_MODULES = YES;
				CLANG_ENABLE_OBJC_ARC = YES;
				CLANG_ENABLE_OBJC_WEAK = YES;
				CLANG_WARN_BLOCK_CAPTURE_AUTORELEASING = YES;
				CLANG_WARN_BOOL_CONVERSION = YES;
				CLANG_WARN_COMMA = YES;
				CLANG_WARN_CONSTANT_CONVERSION = YES;
				CLANG_WARN_DEPRECATED_OBJC_IMPLEMENTATIONS = YES;
				CLANG_WARN_DIRECT_OBJC_ISA_USAGE = YES_ERROR;
				CLANG_WARN_DOCUMENTATION_COMMENTS = YES;
				CLANG_WARN_EMPTY_BODY = YES;
				CLANG_WARN_ENUM_CONVERSION = YES;
				CLANG_WARN_INFINITE_RECURSION = YES;
				CLANG_WARN_INT_CONVERSION = YES;
				CLANG_WARN_NON_LITERAL_NULL_CONVERSION = YES;
				CLANG_WARN_OBJC_IMPLICIT_RETAIN_SELF = YES;
				CLANG_WARN_OBJC_LITERAL_CONVERSION = YES;
				CLANG_WARN_OBJC_ROOT_CLASS = YES_ERROR;
				CLANG_WARN_QUOTED_INCLUDE_IN_FRAMEWORK_HEADER = YES;
				CLANG_WARN_RANGE_LOOP_ANALYSIS = YES;
				CLANG_WARN_STRICT_PROTOTYPES = YES;
				CLANG_WARN_SUSPICIOUS_MOVE = YES;
				CLANG_WARN_UNGUARDED_AVAILABILITY = YES_AGGRESSIVE;
				CLANG_WARN_UNREACHABLE_CODE = YES;
				CLANG_WARN__DUPLICATE_METHOD_MATCH = YES;
				COPY_PHASE_STRIP = NO;
				CURRENT_PROJECT_VERSION = 0;
				DEAD_CODE_STRIPPING = YES;
				DEBUG_INFORMATION_FORMAT = "dwarf-with-dsym";
				DEVELOPMENT_TEAM = 8FQUA2F388;
				ENABLE_NS_ASSERTIONS = NO;
				ENABLE_STRICT_OBJC_MSGSEND = YES;
				ENABLE_USER_SCRIPT_SANDBOXING = YES;
				GCC_C_LANGUAGE_STANDARD = gnu17;
				GCC_NO_COMMON_BLOCKS = YES;
				GCC_WARN_64_TO_32_BIT_CONVERSION = YES;
				GCC_WARN_ABOUT_RETURN_TYPE = YES_ERROR;
				GCC_WARN_UNDECLARED_SELECTOR = YES;
				GCC_WARN_UNINITIALIZED_AUTOS = YES_AGGRESSIVE;
				GCC_WARN_UNUSED_FUNCTION = YES;
				GCC_WARN_UNUSED_VARIABLE = YES;
				LOCALIZATION_PREFERS_STRING_CATALOGS = YES;
				MARKETING_VERSION = 26.0.4;
				MTL_ENABLE_DEBUG_INFO = NO;
				MTL_FAST_MATH = YES;
				STRING_CATALOG_GENERATE_SYMBOLS = YES;
				SWIFT_COMPILATION_MODE = wholemodule;
				SWIFT_EMIT_LOC_STRINGS = YES;
			};
			name = Release;
		};
		F33183072CB5B26F009D518A /* Debug configuration for PBXNativeTarget "Pro Battery" */ = {
			isa = XCBuildConfiguration;
			buildSettings = {
				ASSETCATALOG_COMPILER_APPICON_NAME = AppIcon;
				ASSETCATALOG_COMPILER_GLOBAL_ACCENT_COLOR_NAME = AccentColor;
				CODE_SIGN_ENTITLEMENTS = "Pro Battery/macOS.entitlements";
				CODE_SIGN_STYLE = Automatic;
				CURRENT_PROJECT_VERSION = 0;
				DEAD_CODE_STRIPPING = YES;
				ENABLE_APP_SANDBOX = YES;
				ENABLE_HARDENED_RUNTIME = YES;
				ENABLE_PREVIEWS = YES;
				ENABLE_USER_SELECTED_FILES = readonly;
				GENERATE_INFOPLIST_FILE = YES;
				INFOPLIST_FILE = "Pro Battery/macOS.plist";
				INFOPLIST_KEY_CFBundleDisplayName = "Pro Battery";
				INFOPLIST_KEY_LSApplicationCategoryType = "public.app-category.utilities";
				"INFOPLIST_KEY_UIApplicationSceneManifest_Generation[sdk=iphoneos*]" = YES;
				"INFOPLIST_KEY_UIApplicationSceneManifest_Generation[sdk=iphonesimulator*]" = YES;
				"INFOPLIST_KEY_UIApplicationSupportsIndirectInputEvents[sdk=iphoneos*]" = YES;
				"INFOPLIST_KEY_UIApplicationSupportsIndirectInputEvents[sdk=iphonesimulator*]" = YES;
				"INFOPLIST_KEY_UILaunchScreen_Generation[sdk=iphoneos*]" = YES;
				"INFOPLIST_KEY_UILaunchScreen_Generation[sdk=iphonesimulator*]" = YES;
				"INFOPLIST_KEY_UIStatusBarStyle[sdk=iphoneos*]" = UIStatusBarStyleDefault;
				"INFOPLIST_KEY_UIStatusBarStyle[sdk=iphonesimulator*]" = UIStatusBarStyleDefault;
				INFOPLIST_KEY_UISupportedInterfaceOrientations_iPad = "UIInterfaceOrientationPortrait UIInterfaceOrientationPortraitUpsideDown UIInterfaceOrientationLandscapeLeft UIInterfaceOrientationLandscapeRight";
				INFOPLIST_KEY_UISupportedInterfaceOrientations_iPhone = "UIInterfaceOrientationPortrait UIInterfaceOrientationLandscapeLeft UIInterfaceOrientationLandscapeRight";
				IPHONEOS_DEPLOYMENT_TARGET = 18.0;
				LD_RUNPATH_SEARCH_PATHS = "@executable_path/Frameworks";
				"LD_RUNPATH_SEARCH_PATHS[sdk=macosx*]" = "@executable_path/../Frameworks";
				MACOSX_DEPLOYMENT_TARGET = 14.0;
				PRODUCT_BUNDLE_IDENTIFIER = "dev.topscrech.Pro-Battery";
				PRODUCT_NAME = "$(TARGET_NAME)";
				SDKROOT = auto;
				SUPPORTED_PLATFORMS = macosx;
				SUPPORTS_MACCATALYST = NO;
				SWIFT_DEFAULT_ACTOR_ISOLATION = MainActor;
				SWIFT_EMIT_LOC_STRINGS = YES;
				SWIFT_VERSION = 6.0;
				XROS_DEPLOYMENT_TARGET = 2.0;
			};
			name = Debug;
		};
		F33183082CB5B26F009D518A /* Release configuration for PBXNativeTarget "Pro Battery" */ = {
			isa = XCBuildConfiguration;
			buildSettings = {
				ASSETCATALOG_COMPILER_APPICON_NAME = AppIcon;
				ASSETCATALOG_COMPILER_GLOBAL_ACCENT_COLOR_NAME = AccentColor;
				CODE_SIGN_ENTITLEMENTS = "Pro Battery/macOS.entitlements";
				CODE_SIGN_STYLE = Automatic;
				CURRENT_PROJECT_VERSION = 0;
				DEAD_CODE_STRIPPING = YES;
				ENABLE_APP_SANDBOX = YES;
				ENABLE_HARDENED_RUNTIME = YES;
				ENABLE_PREVIEWS = YES;
				ENABLE_USER_SELECTED_FILES = readonly;
				GENERATE_INFOPLIST_FILE = YES;
				INFOPLIST_FILE = "Pro Battery/macOS.plist";
				INFOPLIST_KEY_CFBundleDisplayName = "Pro Battery";
				INFOPLIST_KEY_LSApplicationCategoryType = "public.app-category.utilities";
				"INFOPLIST_KEY_UIApplicationSceneManifest_Generation[sdk=iphoneos*]" = YES;
				"INFOPLIST_KEY_UIApplicationSceneManifest_Generation[sdk=iphonesimulator*]" = YES;
				"INFOPLIST_KEY_UIApplicationSupportsIndirectInputEvents[sdk=iphoneos*]" = YES;
				"INFOPLIST_KEY_UIApplicationSupportsIndirectInputEvents[sdk=iphonesimulator*]" = YES;
				"INFOPLIST_KEY_UILaunchScreen_Generation[sdk=iphoneos*]" = YES;
				"INFOPLIST_KEY_UILaunchScreen_Generation[sdk=iphonesimulator*]" = YES;
				"INFOPLIST_KEY_UIStatusBarStyle[sdk=iphoneos*]" = UIStatusBarStyleDefault;
				"INFOPLIST_KEY_UIStatusBarStyle[sdk=iphonesimulator*]" = UIStatusBarStyleDefault;
				INFOPLIST_KEY_UISupportedInterfaceOrientations_iPad = "UIInterfaceOrientationPortrait UIInterfaceOrientationPortraitUpsideDown UIInterfaceOrientationLandscapeLeft UIInterfaceOrientationLandscapeRight";
				INFOPLIST_KEY_UISupportedInterfaceOrientations_iPhone = "UIInterfaceOrientationPortrait UIInterfaceOrientationLandscapeLeft UIInterfaceOrientationLandscapeRight";
				IPHONEOS_DEPLOYMENT_TARGET = 18.0;
				LD_RUNPATH_SEARCH_PATHS = "@executable_path/Frameworks";
				"LD_RUNPATH_SEARCH_PATHS[sdk=macosx*]" = "@executable_path/../Frameworks";
				MACOSX_DEPLOYMENT_TARGET = 14.0;
				PRODUCT_BUNDLE_IDENTIFIER = "dev.topscrech.Pro-Battery";
				PRODUCT_NAME = "$(TARGET_NAME)";
				SDKROOT = auto;
				SUPPORTED_PLATFORMS = macosx;
				SUPPORTS_MACCATALYST = NO;
				SWIFT_DEFAULT_ACTOR_ISOLATION = MainActor;
				SWIFT_EMIT_LOC_STRINGS = YES;
				SWIFT_VERSION = 6.0;
				XROS_DEPLOYMENT_TARGET = 2.0;
			};
			name = Release;
		};
		F369EB352CBD22C7003F0AF6 /* Debug configuration for PBXNativeTarget "Unit Tests" */ = {
			isa = XCBuildConfiguration;
			buildSettings = {
				BUNDLE_LOADER = "$(TEST_HOST)";
				CODE_SIGN_STYLE = Automatic;
				CURRENT_PROJECT_VERSION = 1;
				DEAD_CODE_STRIPPING = YES;
				GENERATE_INFOPLIST_FILE = YES;
				MACOSX_DEPLOYMENT_TARGET = 14.0;
				MARKETING_VERSION = "";
				PRODUCT_BUNDLE_IDENTIFIER = "dev.topscrech.Pro-Battery.Unit-Tests";
				PRODUCT_NAME = "$(TARGET_NAME)";
				SDKROOT = macosx;
				SWIFT_DEFAULT_ACTOR_ISOLATION = MainActor;
				SWIFT_EMIT_LOC_STRINGS = NO;
				SWIFT_VERSION = 6.0;
				TEST_HOST = "$(BUILT_PRODUCTS_DIR)/Pro Battery.app/$(BUNDLE_EXECUTABLE_FOLDER_PATH)/Pro Battery";
			};
			name = Debug;
		};
		F369EB362CBD22C7003F0AF6 /* Release configuration for PBXNativeTarget "Unit Tests" */ = {
			isa = XCBuildConfiguration;
			buildSettings = {
				BUNDLE_LOADER = "$(TEST_HOST)";
				CODE_SIGN_STYLE = Automatic;
				CURRENT_PROJECT_VERSION = 1;
				DEAD_CODE_STRIPPING = YES;
				GENERATE_INFOPLIST_FILE = YES;
				MACOSX_DEPLOYMENT_TARGET = 14.0;
				MARKETING_VERSION = "";
				PRODUCT_BUNDLE_IDENTIFIER = "dev.topscrech.Pro-Battery.Unit-Tests";
				PRODUCT_NAME = "$(TARGET_NAME)";
				SDKROOT = macosx;
				SWIFT_DEFAULT_ACTOR_ISOLATION = MainActor;
				SWIFT_EMIT_LOC_STRINGS = NO;
				SWIFT_VERSION = 6.0;
				TEST_HOST = "$(BUILT_PRODUCTS_DIR)/Pro Battery.app/$(BUNDLE_EXECUTABLE_FOLDER_PATH)/Pro Battery";
			};
			name = Release;
		};
		F3965D942CB8F829004F3AFF /* Debug configuration for PBXNativeTarget "Widgets" */ = {
			isa = XCBuildConfiguration;
			buildSettings = {
				ASSETCATALOG_COMPILER_GLOBAL_ACCENT_COLOR_NAME = AccentColor;
				ASSETCATALOG_COMPILER_WIDGET_BACKGROUND_COLOR_NAME = WidgetBackground;
				CODE_SIGN_ENTITLEMENTS = Widgets/Widgets.entitlements;
				CODE_SIGN_STYLE = Automatic;
				CURRENT_PROJECT_VERSION = 0;
				DEAD_CODE_STRIPPING = YES;
				ENABLE_HARDENED_RUNTIME = YES;
				GENERATE_INFOPLIST_FILE = YES;
				INFOPLIST_FILE = Widgets/Widgets.plist;
				INFOPLIST_KEY_CFBundleDisplayName = "Pro Battery";
				INFOPLIST_KEY_NSHumanReadableCopyright = "";
				LD_RUNPATH_SEARCH_PATHS = (
					"$(inherited)",
					"@executable_path/../Frameworks",
					"@executable_path/../../../../Frameworks",
				);
				MACOSX_DEPLOYMENT_TARGET = 14.0;
				PRODUCT_BUNDLE_IDENTIFIER = "dev.topscrech.Pro-Battery.Widgets";
				PRODUCT_NAME = "$(TARGET_NAME)";
				SDKROOT = macosx;
				SKIP_INSTALL = YES;
				SWIFT_EMIT_LOC_STRINGS = YES;
				SWIFT_VERSION = 6.0;
			};
			name = Debug;
		};
		F3965D952CB8F829004F3AFF /* Release configuration for PBXNativeTarget "Widgets" */ = {
			isa = XCBuildConfiguration;
			buildSettings = {
				ASSETCATALOG_COMPILER_GLOBAL_ACCENT_COLOR_NAME = AccentColor;
				ASSETCATALOG_COMPILER_WIDGET_BACKGROUND_COLOR_NAME = WidgetBackground;
				CODE_SIGN_ENTITLEMENTS = Widgets/Widgets.entitlements;
				CODE_SIGN_STYLE = Automatic;
				CURRENT_PROJECT_VERSION = 0;
				DEAD_CODE_STRIPPING = YES;
				ENABLE_HARDENED_RUNTIME = YES;
				GENERATE_INFOPLIST_FILE = YES;
				INFOPLIST_FILE = Widgets/Widgets.plist;
				INFOPLIST_KEY_CFBundleDisplayName = "Pro Battery";
				INFOPLIST_KEY_NSHumanReadableCopyright = "";
				LD_RUNPATH_SEARCH_PATHS = (
					"$(inherited)",
					"@executable_path/../Frameworks",
					"@executable_path/../../../../Frameworks",
				);
				MACOSX_DEPLOYMENT_TARGET = 14.0;
				PRODUCT_BUNDLE_IDENTIFIER = "dev.topscrech.Pro-Battery.Widgets";
				PRODUCT_NAME = "$(TARGET_NAME)";
				SDKROOT = macosx;
				SKIP_INSTALL = YES;
				SWIFT_EMIT_LOC_STRINGS = YES;
				SWIFT_VERSION = 6.0;
			};
			name = Release;
		};
/* End XCBuildConfiguration section */

/* Begin XCConfigurationList section */
		F33182F22CB5B26F009D518A /* Build configuration list for PBXProject "Pro Battery" */ = {
			isa = XCConfigurationList;
			buildConfigurations = (
				F33183042CB5B26F009D518A /* Debug configuration for PBXProject "Pro Battery" */,
				F33183052CB5B26F009D518A /* Release configuration for PBXProject "Pro Battery" */,
			);
			defaultConfigurationName = Release;
		};
		F33183062CB5B26F009D518A /* Build configuration list for PBXNativeTarget "Pro Battery" */ = {
			isa = XCConfigurationList;
			buildConfigurations = (
				F33183072CB5B26F009D518A /* Debug configuration for PBXNativeTarget "Pro Battery" */,
				F33183082CB5B26F009D518A /* Release configuration for PBXNativeTarget "Pro Battery" */,
			);
			defaultConfigurationName = Release;
		};
		F369EB372CBD22C7003F0AF6 /* Build configuration list for PBXNativeTarget "Unit Tests" */ = {
			isa = XCConfigurationList;
			buildConfigurations = (
				F369EB352CBD22C7003F0AF6 /* Debug configuration for PBXNativeTarget "Unit Tests" */,
				F369EB362CBD22C7003F0AF6 /* Release configuration for PBXNativeTarget "Unit Tests" */,
			);
			defaultConfigurationName = Release;
		};
		F3965D932CB8F829004F3AFF /* Build configuration list for PBXNativeTarget "Widgets" */ = {
			isa = XCConfigurationList;
			buildConfigurations = (
				F3965D942CB8F829004F3AFF /* Debug configuration for PBXNativeTarget "Widgets" */,
				F3965D952CB8F829004F3AFF /* Release configuration for PBXNativeTarget "Widgets" */,
			);
			defaultConfigurationName = Release;
		};
/* End XCConfigurationList section */

/* Begin XCRemoteSwiftPackageReference section */
		F33183212CB5B837009D518A /* XCRemoteSwiftPackageReference "ScrechKit" */ = {
			isa = XCRemoteSwiftPackageReference;
			repositoryURL = "https://github.com/TopScrech/ScrechKit";
			requirement = {
				branch = main;
				kind = branch;
			};
		};
		F33183242CB5B9E3009D518A /* XCRemoteSwiftPackageReference "DeviceKit" */ = {
			isa = XCRemoteSwiftPackageReference;
			repositoryURL = "https://github.com/devicekit/DeviceKit";
			requirement = {
				kind = upToNextMajorVersion;
				minimumVersion = 5.5.0;
			};
		};
		F358F0372D2C1DC500BCC07B /* XCRemoteSwiftPackageReference "LaunchAtLogin" */ = {
			isa = XCRemoteSwiftPackageReference;
			repositoryURL = "https://github.com/TopScrech/LaunchAtLogin";
			requirement = {
				branch = main;
				kind = branch;
			};
		};
/* End XCRemoteSwiftPackageReference section */

/* Begin XCSwiftPackageProductDependency section */
		F32429DF2DDDBFEB000A16E8 /* ScrechKit */ = {
			isa = XCSwiftPackageProductDependency;
			package = F33183212CB5B837009D518A /* XCRemoteSwiftPackageReference "ScrechKit" */;
			productName = ScrechKit;
		};
		F32429E12DDDBFF1000A16E8 /* ScrechKit */ = {
			isa = XCSwiftPackageProductDependency;
			package = F33183212CB5B837009D518A /* XCRemoteSwiftPackageReference "ScrechKit" */;
			productName = ScrechKit;
		};
		F33183252CB5B9E3009D518A /* DeviceKit */ = {
			isa = XCSwiftPackageProductDependency;
			package = F33183242CB5B9E3009D518A /* XCRemoteSwiftPackageReference "DeviceKit" */;
			productName = DeviceKit;
		};
		F358F0382D2C1DC500BCC07B /* LaunchAtLogin */ = {
			isa = XCSwiftPackageProductDependency;
			package = F358F0372D2C1DC500BCC07B /* XCRemoteSwiftPackageReference "LaunchAtLogin" */;
			productName = LaunchAtLogin;
		};
/* End XCSwiftPackageProductDependency section */
	};
	rootObject = F33182EF2CB5B26F009D518A /* Project object */;
}
