// !$*UTF8*$!
{
	archiveVersion = 1;
	classes = {
	};
	objectVersion = 90;
	objects = {

/* Begin PBXBuildFile section */
		F30950062CBA59EF00DA2148 /* fetchBatteryLevel.swift in Sources */ = {isa = PBXBuildFile; fileRef = F30950052CBA59EF00DA2148 /* fetchBatteryLevel.swift */; };
		F30950072CBA59FF00DA2148 /* fetchBatteryLevel.swift in Sources */ = {isa = PBXBuildFile; fileRef = F30950052CBA59EF00DA2148 /* fetchBatteryLevel.swift */; };
		F309500A2CBA5ED500DA2148 /* ChargeTextConfigIntent.swift in Sources */ = {isa = PBXBuildFile; fileRef = F30950092CBA5ED500DA2148 /* ChargeTextConfigIntent.swift */; };
		F309500C2CBA5EFE00DA2148 /* ChargeTextSmallView.swift in Sources */ = {isa = PBXBuildFile; fileRef = F309500B2CBA5EFD00DA2148 /* ChargeTextSmallView.swift */; };
		F309500E2CBA5F4D00DA2148 /* ChargeTextProvider.swift in Sources */ = {isa = PBXBuildFile; fileRef = F309500D2CBA5F4D00DA2148 /* ChargeTextProvider.swift */; };
		F30950102CBA5F5D00DA2148 /* ChargeTextEntry.swift in Sources */ = {isa = PBXBuildFile; fileRef = F309500F2CBA5F5D00DA2148 /* ChargeTextEntry.swift */; };
		F30950122CBA5FD000DA2148 /* ChargeTextEntryView.swift in Sources */ = {isa = PBXBuildFile; fileRef = F30950112CBA5FD000DA2148 /* ChargeTextEntryView.swift */; };
		F30950142CBA600300DA2148 /* ChargeTextWidget.swift in Sources */ = {isa = PBXBuildFile; fileRef = F30950132CBA600300DA2148 /* ChargeTextWidget.swift */; };
		F30A252C2CBBAAC10026D36E /* FetchCapacity.swift in Sources */ = {isa = PBXBuildFile; fileRef = F30A252B2CBBAAC10026D36E /* FetchCapacity.swift */; };
		F30A252E2CBBAB050026D36E /* FetchCycles.swift in Sources */ = {isa = PBXBuildFile; fileRef = F30A252D2CBBAB050026D36E /* FetchCycles.swift */; };
		F30A25302CBBAB220026D36E /* FetchCondition.swift in Sources */ = {isa = PBXBuildFile; fileRef = F30A252F2CBBAB220026D36E /* FetchCondition.swift */; };
		F30A25322CBBB53B0026D36E /* Extension.swift in Sources */ = {isa = PBXBuildFile; fileRef = F30A25312CBBB53B0026D36E /* Extension.swift */; };
		F3237FFC2CBEA57C001C6D05 /* FetchTemperature.swift in Sources */ = {isa = PBXBuildFile; fileRef = F3237FFB2CBEA57C001C6D05 /* FetchTemperature.swift */; };
		F3237FFD2CBEA57C001C6D05 /* FetchTemperature.swift in Sources */ = {isa = PBXBuildFile; fileRef = F3237FFB2CBEA57C001C6D05 /* FetchTemperature.swift */; };
		F3237FFF2CBEA812001C6D05 /* FetchDesignCycles.swift in Sources */ = {isa = PBXBuildFile; fileRef = F3237FFE2CBEA812001C6D05 /* FetchDesignCycles.swift */; };
		F32380002CBEA812001C6D05 /* FetchDesignCycles.swift in Sources */ = {isa = PBXBuildFile; fileRef = F3237FFE2CBEA812001C6D05 /* FetchDesignCycles.swift */; };
		F32429E02DDDBFEB000A16E8 /* ScrechKit in Frameworks */ = {isa = PBXBuildFile; productRef = F32429DF2DDDBFEB000A16E8 /* ScrechKit */; };
		F32429E22DDDBFF1000A16E8 /* ScrechKit in Frameworks */ = {isa = PBXBuildFile; productRef = F32429E12DDDBFF1000A16E8 /* ScrechKit */; };
		F331831B2CB5B28D009D518A /* Assets.xcassets in Resources */ = {isa = PBXBuildFile; fileRef = F33183152CB5B28D009D518A /* Assets.xcassets */; };
		F331831C2CB5B28D009D518A /* ContentView.swift in Sources */ = {isa = PBXBuildFile; fileRef = F33183162CB5B28D009D518A /* ContentView.swift */; };
		F331831D2CB5B28D009D518A /* ProBattery.swift in Sources */ = {isa = PBXBuildFile; fileRef = F33183182CB5B28D009D518A /* ProBattery.swift */; };
		F33183202CB5B581009D518A /* BatteryVM.swift in Sources */ = {isa = PBXBuildFile; fileRef = F331831F2CB5B581009D518A /* BatteryVM.swift */; };
		F33183262CB5B9E3009D518A /* DeviceKit in Frameworks */ = {isa = PBXBuildFile; productRef = F33183252CB5B9E3009D518A /* DeviceKit */; };
		F33183282CB7C483009D518A /* BatteryGauge.swift in Sources */ = {isa = PBXBuildFile; fileRef = F33183272CB7C483009D518A /* BatteryGauge.swift */; };
		F341DFB62CB909960001B5EF /* NavContainer.swift in Sources */ = {isa = PBXBuildFile; fileRef = F341DFB52CB909960001B5EF /* NavContainer.swift */; };
		F341DFB92CB90BD90001B5EF /* ChargeMediumView.swift in Sources */ = {isa = PBXBuildFile; fileRef = F341DFB82CB90BD90001B5EF /* ChargeMediumView.swift */; };
		F341DFBB2CB90C400001B5EF /* ChargeSmallView.swift in Sources */ = {isa = PBXBuildFile; fileRef = F341DFBA2CB90C400001B5EF /* ChargeSmallView.swift */; };
		F341DFBD2CB9168A0001B5EF /* Param.swift in Sources */ = {isa = PBXBuildFile; fileRef = F341DFBC2CB9168A0001B5EF /* Param.swift */; };
		F341DFC02CB916E80001B5EF /* Get Version & Build.swift in Sources */ = {isa = PBXBuildFile; fileRef = F341DFBE2CB916C50001B5EF /* Get Version & Build.swift */; };
		F341DFC32CB92F370001B5EF /* CyclesSmallView.swift in Sources */ = {isa = PBXBuildFile; fileRef = F341DFC22CB92F370001B5EF /* CyclesSmallView.swift */; };
		F341DFC72CB9301A0001B5EF /* CyclesWidgets.swift in Sources */ = {isa = PBXBuildFile; fileRef = F341DFC62CB9301A0001B5EF /* CyclesWidgets.swift */; };
		F341DFC92CB930310001B5EF /* CyclesEntryView.swift in Sources */ = {isa = PBXBuildFile; fileRef = F341DFC82CB930310001B5EF /* CyclesEntryView.swift */; };
		F341DFCB2CB931900001B5EF /* CyclesProvider.swift in Sources */ = {isa = PBXBuildFile; fileRef = F341DFCA2CB931900001B5EF /* CyclesProvider.swift */; };
		F341DFCD2CB931B20001B5EF /* CyclesConfigIntent.swift in Sources */ = {isa = PBXBuildFile; fileRef = F341DFCC2CB931B20001B5EF /* CyclesConfigIntent.swift */; };
		F341DFCF2CB931F30001B5EF /* CyclesEntry.swift in Sources */ = {isa = PBXBuildFile; fileRef = F341DFCE2CB931F30001B5EF /* CyclesEntry.swift */; };
		F341DFD22CB935B70001B5EF /* CapacityProvider.swift in Sources */ = {isa = PBXBuildFile; fileRef = F341DFD12CB935B70001B5EF /* CapacityProvider.swift */; };
		F341DFD42CB935BA0001B5EF /* CapacityConfigIntent.swift in Sources */ = {isa = PBXBuildFile; fileRef = F341DFD32CB935BA0001B5EF /* CapacityConfigIntent.swift */; };
		F341DFD62CB935BC0001B5EF /* CapacityWidgets.swift in Sources */ = {isa = PBXBuildFile; fileRef = F341DFD52CB935BC0001B5EF /* CapacityWidgets.swift */; };
		F341DFD82CB935BD0001B5EF /* CapacityEntry.swift in Sources */ = {isa = PBXBuildFile; fileRef = F341DFD72CB935BD0001B5EF /* CapacityEntry.swift */; };
		F341DFDB2CB935C10001B5EF /* CapacitySmallView.swift in Sources */ = {isa = PBXBuildFile; fileRef = F341DFDA2CB935C10001B5EF /* CapacitySmallView.swift */; };
		F341DFDC2CB935C10001B5EF /* CapacityEntryView.swift in Sources */ = {isa = PBXBuildFile; fileRef = F341DFD92CB935C10001B5EF /* CapacityEntryView.swift */; };
		F34484412CBD1A68009A1144 /* ChargeWidgetInfo.swift in Sources */ = {isa = PBXBuildFile; fileRef = F34484402CBD1A68009A1144 /* ChargeWidgetInfo.swift */; };
		F34484432CBD1A79009A1144 /* FetchChargeWidgetInfo.swift in Sources */ = {isa = PBXBuildFile; fileRef = F34484422CBD1A79009A1144 /* FetchChargeWidgetInfo.swift */; };
		F358F0352D2C1DA000BCC07B /* AppSettings.swift in Sources */ = {isa = PBXBuildFile; fileRef = F358F0342D2C1DA000BCC07B /* AppSettings.swift */; };
		F358F0392D2C1DC500BCC07B /* LaunchAtLogin in Frameworks */ = {isa = PBXBuildFile; productRef = F358F0382D2C1DC500BCC07B /* LaunchAtLogin */; };
		F369EB3A2CBD22CA003F0AF6 /* UnitTests.swift in Sources */ = {isa = PBXBuildFile; fileRef = F369EB382CBD22CA003F0AF6 /* UnitTests.swift */; };
		F369EB3C2CBD3267003F0AF6 /* ChargeTextMediumView.swift in Sources */ = {isa = PBXBuildFile; fileRef = F369EB3B2CBD3267003F0AF6 /* ChargeTextMediumView.swift */; };
		F369EB3D2CBD3655003F0AF6 /* FetchCapacity.swift in Sources */ = {isa = PBXBuildFile; fileRef = F30A252B2CBBAAC10026D36E /* FetchCapacity.swift */; };
		F369EB3E2CBD365C003F0AF6 /* FetchBatteryProps.swift in Sources */ = {isa = PBXBuildFile; fileRef = F370B2422CB9AE7F00D70865 /* FetchBatteryProps.swift */; };
		F369EB3F2CBD36F8003F0AF6 /* FetchCycles.swift in Sources */ = {isa = PBXBuildFile; fileRef = F30A252D2CBBAB050026D36E /* FetchCycles.swift */; };
		F369EB402CBD3734003F0AF6 /* FetchCondition.swift in Sources */ = {isa = PBXBuildFile; fileRef = F30A252F2CBBAB220026D36E /* FetchCondition.swift */; };
		F369EB422CBD4325003F0AF6 /* CapacityMediumView.swift in Sources */ = {isa = PBXBuildFile; fileRef = F369EB412CBD4325003F0AF6 /* CapacityMediumView.swift */; };
		F369EB442CBD4351003F0AF6 /* CyclesMediumView.swift in Sources */ = {isa = PBXBuildFile; fileRef = F369EB432CBD4351003F0AF6 /* CyclesMediumView.swift */; };
		F369EB462CBD47F9003F0AF6 /* Localizable.xcstrings in Resources */ = {isa = PBXBuildFile; fileRef = F369EB452CBD47F9003F0AF6 /* Localizable.xcstrings */; };
		F369EB472CBD47F9003F0AF6 /* Localizable.xcstrings in Resources */ = {isa = PBXBuildFile; fileRef = F369EB452CBD47F9003F0AF6 /* Localizable.xcstrings */; };
		F370B2432CB9AE7F00D70865 /* FetchBatteryProps.swift in Sources */ = {isa = PBXBuildFile; fileRef = F370B2422CB9AE7F00D70865 /* FetchBatteryProps.swift */; };
		F3965D812CB8F828004F3AFF /* WidgetKit.framework in Frameworks */ = {isa = PBXBuildFile; fileRef = F3965D802CB8F828004F3AFF /* WidgetKit.framework */; };
		F3965D832CB8F828004F3AFF /* SwiftUI.framework in Frameworks */ = {isa = PBXBuildFile; fileRef = F3965D822CB8F828004F3AFF /* SwiftUI.framework */; };
		F3965D912CB8F829004F3AFF /* Widgets.appex in Embed Foundation Extensions */ = {isa = PBXBuildFile; fileRef = F3965D7E2CB8F828004F3AFF /* Widgets.appex */; settings = {ATTRIBUTES = (RemoveHeadersOnCopy, ); }; };
		F3965D9E2CB8F82D004F3AFF /* Assets.xcassets in Resources */ = {isa = PBXBuildFile; fileRef = F3965D982CB8F82D004F3AFF /* Assets.xcassets */; };
		F3965DA02CB8F82D004F3AFF /* ChargeConfigIntent.swift in Sources */ = {isa = PBXBuildFile; fileRef = F3965D972CB8F82D004F3AFF /* ChargeConfigIntent.swift */; };
		F3965DA12CB8F82D004F3AFF /* ChargeProvider.swift in Sources */ = {isa = PBXBuildFile; fileRef = F3965D9B2CB8F82D004F3AFF /* ChargeProvider.swift */; };
		F3965DA22CB8F82D004F3AFF /* WidgetsBundle.swift in Sources */ = {isa = PBXBuildFile; fileRef = F3965D9C2CB8F82D004F3AFF /* WidgetsBundle.swift */; };
		F3965DA42CB8F8D9004F3AFF /* ChargeEntry.swift in Sources */ = {isa = PBXBuildFile; fileRef = F3965DA32CB8F8D9004F3AFF /* ChargeEntry.swift */; };
		F3965DA62CB8F8F4004F3AFF /* ChargeEntryView.swift in Sources */ = {isa = PBXBuildFile; fileRef = F3965DA52CB8F8F4004F3AFF /* ChargeEntryView.swift */; };
		F3965DA82CB8F90B004F3AFF /* ChargeWidgets.swift in Sources */ = {isa = PBXBuildFile; fileRef = F3965DA72CB8F90B004F3AFF /* ChargeWidgets.swift */; };
		F3965DA92CB8F9B7004F3AFF /* BatteryGauge.swift in Sources */ = {isa = PBXBuildFile; fileRef = F33183272CB7C483009D518A /* BatteryGauge.swift */; };
		F3B75CCF2E7225CF0096E65E /* AppIcon.icon in Resources */ = {isa = PBXBuildFile; fileRef = F3B75CCE2E7225CF0096E65E /* AppIcon.icon */; };
		F3B75CD02E7225CF0096E65E /* AppIcon.icon in Resources */ = {isa = PBXBuildFile; fileRef = F3B75CCE2E7225CF0096E65E /* AppIcon.icon */; };
/* End PBXBuildFile section */

/* Begin PBXContainerItemProxy section */
		F369EB332CBD22C7003F0AF6 /* PBXContainerItemProxy */ = {
			isa = PBXContainerItemProxy;
			containerPortal = F33182EF2CB5B26F009D518A /* Project object */;
			proxyType = 1;
			remoteGlobalIDString = F33182F62CB5B26F009D518A;
			remoteInfo = "Pro Battery";
		};
		F3965D8F2CB8F829004F3AFF /* PBXContainerItemProxy */ = {
			isa = PBXContainerItemProxy;
			containerPortal = F33182EF2CB5B26F009D518A /* Project object */;
			proxyType = 1;
			remoteGlobalIDString = F3965D7D2CB8F828004F3AFF;
			remoteInfo = WidgetsExtension;
		};
/* End PBXContainerItemProxy section */

/* Begin PBXCopyFilesBuildPhase section */
		F33708782DD92A74006834F8 /* Embed Frameworks */ = {
			isa = PBXCopyFilesBuildPhase;
			dstPath = "";
			dstSubfolder = Frameworks;
			files = (
			);
			name = "Embed Frameworks";
		};
		F3965D962CB8F829004F3AFF /* Embed Foundation Extensions */ = {
			isa = PBXCopyFilesBuildPhase;
			dstPath = "";
			dstSubfolder = PlugIns;
			files = (
				F3965D912CB8F829004F3AFF /* Widgets.appex in Embed Foundation Extensions */,
			);
			name = "Embed Foundation Extensions";
		};
/* End PBXCopyFilesBuildPhase section */

/* Begin PBXFileReference section */
		F30950052CBA59EF00DA2148 /* fetchBatteryLevel.swift */ = {isa = PBXFileReference; lastKnownFileType = sourcecode.swift; path = fetchBatteryLevel.swift; sourceTree = "<group>"; };
		F30950092CBA5ED500DA2148 /* ChargeTextConfigIntent.swift */ = {isa = PBXFileReference; lastKnownFileType = sourcecode.swift; path = ChargeTextConfigIntent.swift; sourceTree = "<group>"; };
		F309500B2CBA5EFD00DA2148 /* ChargeTextSmallView.swift */ = {isa = PBXFileReference; lastKnownFileType = sourcecode.swift; path = ChargeTextSmallView.swift; sourceTree = "<group>"; };
		F309500D2CBA5F4D00DA2148 /* ChargeTextProvider.swift */ = {isa = PBXFileReference; lastKnownFileType = sourcecode.swift; path = ChargeTextProvider.swift; sourceTree = "<group>"; };
		F309500F2CBA5F5D00DA2148 /* ChargeTextEntry.swift */ = {isa = PBXFileReference; lastKnownFileType = sourcecode.swift; path = ChargeTextEntry.swift; sourceTree = "<group>"; };
		F30950112CBA5FD000DA2148 /* ChargeTextEntryView.swift */ = {isa = PBXFileReference; lastKnownFileType = sourcecode.swift; path = ChargeTextEntryView.swift; sourceTree = "<group>"; };
		F30950132CBA600300DA2148 /* ChargeTextWidget.swift */ = {isa = PBXFileReference; lastKnownFileType = sourcecode.swift; path = ChargeTextWidget.swift; sourceTree = "<group>"; };
		F30A252B2CBBAAC10026D36E /* FetchCapacity.swift */ = {isa = PBXFileReference; lastKnownFileType = sourcecode.swift; path = FetchCapacity.swift; sourceTree = "<group>"; };
		F30A252D2CBBAB050026D36E /* FetchCycles.swift */ = {isa = PBXFileReference; lastKnownFileType = sourcecode.swift; path = FetchCycles.swift; sourceTree = "<group>"; };
		F30A252F2CBBAB220026D36E /* FetchCondition.swift */ = {isa = PBXFileReference; lastKnownFileType = sourcecode.swift; path = FetchCondition.swift; sourceTree = "<group>"; };
		F30A25312CBBB53B0026D36E /* Extension.swift */ = {isa = PBXFileReference; lastKnownFileType = sourcecode.swift; path = Extension.swift; sourceTree = "<group>"; };
		F3237FFB2CBEA57C001C6D05 /* FetchTemperature.swift */ = {isa = PBXFileReference; lastKnownFileType = sourcecode.swift; path = FetchTemperature.swift; sourceTree = "<group>"; };
		F3237FFE2CBEA812001C6D05 /* FetchDesignCycles.swift */ = {isa = PBXFileReference; lastKnownFileType = sourcecode.swift; path = FetchDesignCycles.swift; sourceTree = "<group>"; };
		F32F3AAF2D8EC32200E69B98 /* macOS.plist */ = {isa = PBXFileReference; lastKnownFileType = text.plist.xml; path = macOS.plist; sourceTree = "<group>"; };
		F33182F72CB5B26F009D518A /* Pro Battery.app */ = {isa = PBXFileReference; explicitFileType = wrapper.application; includeInIndex = 0; path = "Pro Battery.app"; sourceTree = BUILT_PRODUCTS_DIR; };
		F33183152CB5B28D009D518A /* Assets.xcassets */ = {isa = PBXFileReference; lastKnownFileType = folder.assetcatalog; path = Assets.xcassets; sourceTree = "<group>"; };
		F33183162CB5B28D009D518A /* ContentView.swift */ = {isa = PBXFileReference; lastKnownFileType = sourcecode.swift; path = ContentView.swift; sourceTree = "<group>"; };
		F33183172CB5B28D009D518A /* macOS.entitlements */ = {isa = PBXFileReference; lastKnownFileType = text.plist.entitlements; path = macOS.entitlements; sourceTree = "<group>"; };
		F33183182CB5B28D009D518A /* ProBattery.swift */ = {isa = PBXFileReference; lastKnownFileType = sourcecode.swift; path = ProBattery.swift; sourceTree = "<group>"; };
		F331831F2CB5B581009D518A /* BatteryVM.swift */ = {isa = PBXFileReference; lastKnownFileType = sourcecode.swift; path = BatteryVM.swift; sourceTree = "<group>"; };
		F33183272CB7C483009D518A /* BatteryGauge.swift */ = {isa = PBXFileReference; lastKnownFileType = sourcecode.swift; path = BatteryGauge.swift; sourceTree = "<group>"; };
		F341DFB52CB909960001B5EF /* NavContainer.swift */ = {isa = PBXFileReference; lastKnownFileType = sourcecode.swift; path = NavContainer.swift; sourceTree = "<group>"; };
		F341DFB82CB90BD90001B5EF /* ChargeMediumView.swift */ = {isa = PBXFileReference; lastKnownFileType = sourcecode.swift; path = ChargeMediumView.swift; sourceTree = "<group>"; };
		F341DFBA2CB90C400001B5EF /* ChargeSmallView.swift */ = {isa = PBXFileReference; lastKnownFileType = sourcecode.swift; path = ChargeSmallView.swift; sourceTree = "<group>"; };
		F341DFBC2CB9168A0001B5EF /* Param.swift */ = {isa = PBXFileReference; lastKnownFileType = sourcecode.swift; path = Param.swift; sourceTree = "<group>"; };
		F341DFBE2CB916C50001B5EF /* Get Version & Build.swift */ = {isa = PBXFileReference; lastKnownFileType = sourcecode.swift; path = "Get Version & Build.swift"; sourceTree = "<group>"; };
		F341DFC22CB92F370001B5EF /* CyclesSmallView.swift */ = {isa = PBXFileReference; lastKnownFileType = sourcecode.swift; path = CyclesSmallView.swift; sourceTree = "<group>"; };
		F341DFC62CB9301A0001B5EF /* CyclesWidgets.swift */ = {isa = PBXFileReference; lastKnownFileType = sourcecode.swift; path = CyclesWidgets.swift; sourceTree = "<group>"; };
		F341DFC82CB930310001B5EF /* CyclesEntryView.swift */ = {isa = PBXFileReference; lastKnownFileType = sourcecode.swift; path = CyclesEntryView.swift; sourceTree = "<group>"; };
		F341DFCA2CB931900001B5EF /* CyclesProvider.swift */ = {isa = PBXFileReference; lastKnownFileType = sourcecode.swift; path = CyclesProvider.swift; sourceTree = "<group>"; };
		F341DFCC2CB931B20001B5EF /* CyclesConfigIntent.swift */ = {isa = PBXFileReference; lastKnownFileType = sourcecode.swift; path = CyclesConfigIntent.swift; sourceTree = "<group>"; };
		F341DFCE2CB931F30001B5EF /* CyclesEntry.swift */ = {isa = PBXFileReference; lastKnownFileType = sourcecode.swift; path = CyclesEntry.swift; sourceTree = "<group>"; };
		F341DFD12CB935B70001B5EF /* CapacityProvider.swift */ = {isa = PBXFileReference; lastKnownFileType = sourcecode.swift; path = CapacityProvider.swift; sourceTree = "<group>"; };
		F341DFD32CB935BA0001B5EF /* CapacityConfigIntent.swift */ = {isa = PBXFileReference; lastKnownFileType = sourcecode.swift; path = CapacityConfigIntent.swift; sourceTree = "<group>"; };
		F341DFD52CB935BC0001B5EF /* CapacityWidgets.swift */ = {isa = PBXFileReference; lastKnownFileType = sourcecode.swift; path = CapacityWidgets.swift; sourceTree = "<group>"; };
		F341DFD72CB935BD0001B5EF /* CapacityEntry.swift */ = {isa = PBXFileReference; lastKnownFileType = sourcecode.swift; path = CapacityEntry.swift; sourceTree = "<group>"; };
		F341DFD92CB935C10001B5EF /* CapacityEntryView.swift */ = {isa = PBXFileReference; lastKnownFileType = sourcecode.swift; path = CapacityEntryView.swift; sourceTree = "<group>"; };
		F341DFDA2CB935C10001B5EF /* CapacitySmallView.swift */ = {isa = PBXFileReference; lastKnownFileType = sourcecode.swift; path = CapacitySmallView.swift; sourceTree = "<group>"; };
		F34484402CBD1A68009A1144 /* ChargeWidgetInfo.swift */ = {isa = PBXFileReference; lastKnownFileType = sourcecode.swift; path = ChargeWidgetInfo.swift; sourceTree = "<group>"; };
		F34484422CBD1A79009A1144 /* FetchChargeWidgetInfo.swift */ = {isa = PBXFileReference; lastKnownFileType = sourcecode.swift; path = FetchChargeWidgetInfo.swift; sourceTree = "<group>"; };
		F358F0342D2C1DA000BCC07B /* AppSettings.swift */ = {isa = PBXFileReference; lastKnownFileType = sourcecode.swift; path = AppSettings.swift; sourceTree = "<group>"; };
		F369EB2F2CBD22C7003F0AF6 /* Unit Tests.xctest */ = {isa = PBXFileReference; explicitFileType = wrapper.cfbundle; includeInIndex = 0; path = "Unit Tests.xctest"; sourceTree = BUILT_PRODUCTS_DIR; };
		F369EB382CBD22CA003F0AF6 /* UnitTests.swift */ = {isa = PBXFileReference; lastKnownFileType = sourcecode.swift; path = UnitTests.swift; sourceTree = "<group>"; };
		F369EB3B2CBD3267003F0AF6 /* ChargeTextMediumView.swift */ = {isa = PBXFileReference; lastKnownFileType = sourcecode.swift; path = ChargeTextMediumView.swift; sourceTree = "<group>"; };
		F369EB412CBD4325003F0AF6 /* CapacityMediumView.swift */ = {isa = PBXFileReference; lastKnownFileType = sourcecode.swift; path = CapacityMediumView.swift; sourceTree = "<group>"; };
		F369EB432CBD4351003F0AF6 /* CyclesMediumView.swift */ = {isa = PBXFileReference; lastKnownFileType = sourcecode.swift; path = CyclesMediumView.swift; sourceTree = "<group>"; };
		F369EB452CBD47F9003F0AF6 /* Localizable.xcstrings */ = {isa = PBXFileReference; lastKnownFileType = text.json.xcstrings; path = Localizable.xcstrings; sourceTree = "<group>"; };
		F370B2422CB9AE7F00D70865 /* FetchBatteryProps.swift */ = {isa = PBXFileReference; lastKnownFileType = sourcecode.swift; path = FetchBatteryProps.swift; sourceTree = "<group>"; };
		F3965D7E2CB8F828004F3AFF /* Widgets.appex */ = {isa = PBXFileReference; explicitFileType = "wrapper.app-extension"; includeInIndex = 0; path = Widgets.appex; sourceTree = BUILT_PRODUCTS_DIR; };
		F3965D802CB8F828004F3AFF /* WidgetKit.framework */ = {isa = PBXFileReference; lastKnownFileType = wrapper.framework; name = WidgetKit.framework; path = System/Library/Frameworks/WidgetKit.framework; sourceTree = SDKROOT; };
		F3965D822CB8F828004F3AFF /* SwiftUI.framework */ = {isa = PBXFileReference; lastKnownFileType = wrapper.framework; name = SwiftUI.framework; path = System/Library/Frameworks/SwiftUI.framework; sourceTree = SDKROOT; };
		F3965D972CB8F82D004F3AFF /* ChargeConfigIntent.swift */ = {isa = PBXFileReference; lastKnownFileType = sourcecode.swift; path = ChargeConfigIntent.swift; sourceTree = "<group>"; };
		F3965D982CB8F82D004F3AFF /* Assets.xcassets */ = {isa = PBXFileReference; lastKnownFileType = folder.assetcatalog; path = Assets.xcassets; sourceTree = "<group>"; };
		F3965D992CB8F82D004F3AFF /* Widgets.plist */ = {isa = PBXFileReference; lastKnownFileType = text.plist.xml; path = Widgets.plist; sourceTree = "<group>"; };
		F3965D9A2CB8F82D004F3AFF /* Widgets.entitlements */ = {isa = PBXFileReference; lastKnownFileType = text.plist.entitlements; path = Widgets.entitlements; sourceTree = "<group>"; };
		F3965D9B2CB8F82D004F3AFF /* ChargeProvider.swift */ = {isa = PBXFileReference; lastKnownFileType = sourcecode.swift; path = ChargeProvider.swift; sourceTree = "<group>"; };
		F3965D9C2CB8F82D004F3AFF /* WidgetsBundle.swift */ = {isa = PBXFileReference; lastKnownFileType = sourcecode.swift; path = WidgetsBundle.swift; sourceTree = "<group>"; };
		F3965DA32CB8F8D9004F3AFF /* ChargeEntry.swift */ = {isa = PBXFileReference; lastKnownFileType = sourcecode.swift; path = ChargeEntry.swift; sourceTree = "<group>"; };
		F3965DA52CB8F8F4004F3AFF /* ChargeEntryView.swift */ = {isa = PBXFileReference; lastKnownFileType = sourcecode.swift; path = ChargeEntryView.swift; sourceTree = "<group>"; };
		F3965DA72CB8F90B004F3AFF /* ChargeWidgets.swift */ = {isa = PBXFileReference; lastKnownFileType = sourcecode.swift; path = ChargeWidgets.swift; sourceTree = "<group>"; };
		F3AE99DF2E2F887D00D70249 /* README.md */ = {isa = PBXFileReference; lastKnownFileType = net.daringfireball.markdown; path = README.md; sourceTree = "<group>"; };
		F3B75CCE2E7225CF0096E65E /* AppIcon.icon */ = {isa = PBXFileReference; lastKnownFileType = folder.iconcomposer.icon; path = AppIcon.icon; sourceTree = "<group>"; };
/* End PBXFileReference section */

/* Begin PBXFrameworksBuildPhase section */
		F33182F42CB5B26F009D518A /* Frameworks */ = {
			isa = PBXFrameworksBuildPhase;
			files = (
				F32429E02DDDBFEB000A16E8 /* ScrechKit in Frameworks */,
				F358F0392D2C1DC500BCC07B /* LaunchAtLogin in Frameworks */,
				F33183262CB5B9E3009D518A /* DeviceKit in Frameworks */,
			);
		};
		F369EB2C2CBD22C7003F0AF6 /* Frameworks */ = {
			isa = PBXFrameworksBuildPhase;
			files = (
			);
		};
		F3965D7B2CB8F828004F3AFF /* Frameworks */ = {
			isa = PBXFrameworksBuildPhase;
			files = (
				F32429E22DDDBFF1000A16E8 /* ScrechKit in Frameworks */,
				F3965D832CB8F828004F3AFF /* SwiftUI.framework in Frameworks */,
				F3965D812CB8F828004F3AFF /* WidgetKit.framework in Frameworks */,
			);
		};
/* End PBXFrameworksBuildPhase section */

/* Begin PBXGroup section */
		F30950082CBA5EAE00DA2148 /* Without gauge */ = {
			isa = PBXGroup;
			children = (
				F309500D2CBA5F4D00DA2148 /* ChargeTextProvider.swift */,
				F30950092CBA5ED500DA2148 /* ChargeTextConfigIntent.swift */,
				F30950132CBA600300DA2148 /* ChargeTextWidget.swift */,
				F30950112CBA5FD000DA2148 /* ChargeTextEntryView.swift */,
				F309500B2CBA5EFD00DA2148 /* ChargeTextSmallView.swift */,
				F369EB3B2CBD3267003F0AF6 /* ChargeTextMediumView.swift */,
				F309500F2CBA5F5D00DA2148 /* ChargeTextEntry.swift */,
			);
			path = "Without gauge";
			sourceTree = "<group>";
		};
		F3237FFA2CBEA4BC001C6D05 /* Fetching */ = {
			isa = PBXGroup;
			children = (
				F30A252D2CBBAB050026D36E /* FetchCycles.swift */,
				F30A252B2CBBAAC10026D36E /* FetchCapacity.swift */,
				F30A252F2CBBAB220026D36E /* FetchCondition.swift */,
				F3237FFB2CBEA57C001C6D05 /* FetchTemperature.swift */,
				F3237FFE2CBEA812001C6D05 /* FetchDesignCycles.swift */,
			);
			path = Fetching;
			sourceTree = "<group>";
		};
		F33182EE2CB5B26F009D518A = {
			isa = PBXGroup;
			children = (
				F3AE99DF2E2F887D00D70249 /* README.md */,
				F33183192CB5B28D009D518A /* Pro Battery */,
				F3965D9D2CB8F82D004F3AFF /* Widgets */,
				F369EB392CBD22CA003F0AF6 /* Unit Tests */,
				F3965D7F2CB8F828004F3AFF /* Frameworks */,
				F33182F82CB5B26F009D518A /* Products */,
			);
			sourceTree = "<group>";
		};
		F33182F82CB5B26F009D518A /* Products */ = {
			isa = PBXGroup;
			children = (
				F33182F72CB5B26F009D518A /* Pro Battery.app */,
				F3965D7E2CB8F828004F3AFF /* Widgets.appex */,
				F369EB2F2CBD22C7003F0AF6 /* Unit Tests.xctest */,
			);
			name = Products;
			sourceTree = "<group>";
		};
		F33183192CB5B28D009D518A /* Pro Battery */ = {
			isa = PBXGroup;
			children = (
				F33183182CB5B28D009D518A /* ProBattery.swift */,
				F341DFB72CB90A490001B5EF /* Nav */,
				F32F3AAF2D8EC32200E69B98 /* macOS.plist */,
				F33183172CB5B28D009D518A /* macOS.entitlements */,
				F33183152CB5B28D009D518A /* Assets.xcassets */,
				F3B75CCE2E7225CF0096E65E /* AppIcon.icon */,
				F369EB452CBD47F9003F0AF6 /* Localizable.xcstrings */,
				F33183162CB5B28D009D518A /* ContentView.swift */,
				F331831F2CB5B581009D518A /* BatteryVM.swift */,
				F33183272CB7C483009D518A /* BatteryGauge.swift */,
				F30950052CBA59EF00DA2148 /* fetchBatteryLevel.swift */,
				F358F0362D2C1DA600BCC07B /* Settings */,
				F3237FFA2CBEA4BC001C6D05 /* Fetching */,
			);
			path = "Pro Battery";
			sourceTree = "<group>";
		};
		F341DFB72CB90A490001B5EF /* Nav */ = {
			isa = PBXGroup;
			children = (
				F341DFB52CB909960001B5EF /* NavContainer.swift */,
			);
			path = Nav;
			sourceTree = "<group>";
		};
		F341DFC12CB916F50001B5EF /* Components */ = {
			isa = PBXGroup;
			children = (
				F341DFBC2CB9168A0001B5EF /* Param.swift */,
				F341DFBE2CB916C50001B5EF /* Get Version & Build.swift */,
			);
			path = Components;
			sourceTree = "<group>";
		};
		F341DFC42CB92FCE0001B5EF /* Charge */ = {
			isa = PBXGroup;
			children = (
				F3965D9B2CB8F82D004F3AFF /* ChargeProvider.swift */,
				F3965D972CB8F82D004F3AFF /* ChargeConfigIntent.swift */,
				F3965DA72CB8F90B004F3AFF /* ChargeWidgets.swift */,
				F3965DA32CB8F8D9004F3AFF /* ChargeEntry.swift */,
				F3965DA52CB8F8F4004F3AFF /* ChargeEntryView.swift */,
				F341DFBA2CB90C400001B5EF /* ChargeSmallView.swift */,
				F341DFB82CB90BD90001B5EF /* ChargeMediumView.swift */,
				F34484402CBD1A68009A1144 /* ChargeWidgetInfo.swift */,
				F34484422CBD1A79009A1144 /* FetchChargeWidgetInfo.swift */,
				F30950082CBA5EAE00DA2148 /* Without gauge */,
			);
			path = Charge;
			sourceTree = "<group>";
		};
		F341DFC52CB92FD70001B5EF /* Cycles */ = {
			isa = PBXGroup;
			children = (
				F341DFCA2CB931900001B5EF /* CyclesProvider.swift */,
				F341DFCC2CB931B20001B5EF /* CyclesConfigIntent.swift */,
				F341DFC62CB9301A0001B5EF /* CyclesWidgets.swift */,
				F341DFCE2CB931F30001B5EF /* CyclesEntry.swift */,
				F341DFC82CB930310001B5EF /* CyclesEntryView.swift */,
				F341DFC22CB92F370001B5EF /* CyclesSmallView.swift */,
				F369EB432CBD4351003F0AF6 /* CyclesMediumView.swift */,
			);
			path = Cycles;
			sourceTree = "<group>";
		};
		F341DFD02CB935AB0001B5EF /* Capacity */ = {
			isa = PBXGroup;
			children = (
				F341DFD12CB935B70001B5EF /* CapacityProvider.swift */,
				F341DFD32CB935BA0001B5EF /* CapacityConfigIntent.swift */,
				F341DFD52CB935BC0001B5EF /* CapacityWidgets.swift */,
				F341DFD72CB935BD0001B5EF /* CapacityEntry.swift */,
				F341DFD92CB935C10001B5EF /* CapacityEntryView.swift */,
				F341DFDA2CB935C10001B5EF /* CapacitySmallView.swift */,
				F369EB412CBD4325003F0AF6 /* CapacityMediumView.swift */,
			);
			path = Capacity;
			sourceTree = "<group>";
		};
		F358F0362D2C1DA600BCC07B /* Settings */ = {
			isa = PBXGroup;
			children = (
				F358F0342D2C1DA000BCC07B /* AppSettings.swift */,
			);
			path = Settings;
			sourceTree = "<group>";
		};
		F369EB392CBD22CA003F0AF6 /* Unit Tests */ = {
			isa = PBXGroup;
			children = (
				F369EB382CBD22CA003F0AF6 /* UnitTests.swift */,
			);
			path = "Unit Tests";
			sourceTree = "<group>";
		};
		F3965D7F2CB8F828004F3AFF /* Frameworks */ = {
			isa = PBXGroup;
			children = (
				F3965D802CB8F828004F3AFF /* WidgetKit.framework */,
				F3965D822CB8F828004F3AFF /* SwiftUI.framework */,
			);
			name = Frameworks;
			sourceTree = "<group>";
		};
		F3965D9D2CB8F82D004F3AFF /* Widgets */ = {
			isa = PBXGroup;
			children = (
				F3965D9C2CB8F82D004F3AFF /* WidgetsBundle.swift */,
				F3965D992CB8F82D004F3AFF /* Widgets.plist */,
				F3965D9A2CB8F82D004F3AFF /* Widgets.entitlements */,
				F3965D982CB8F82D004F3AFF /* Assets.xcassets */,
				F370B2422CB9AE7F00D70865 /* FetchBatteryProps.swift */,
				F341DFC12CB916F50001B5EF /* Components */,
				F341DFC42CB92FCE0001B5EF /* Charge */,
				F341DFC52CB92FD70001B5EF /* Cycles */,
				F341DFD02CB935AB0001B5EF /* Capacity */,
				F30A25312CBBB53B0026D36E /* Extension.swift */,
			);
			path = Widgets;
			sourceTree = "<group>";
		};
/* End PBXGroup section */

/* Begin PBXNativeTarget section */
		F33182F62CB5B26F009D518A /* Pro Battery */ = {
			isa = PBXNativeTarget;
			buildConfigurationList = F33183062CB5B26F009D518A /* Build configuration list for PBXNativeTarget "Pro Battery" */;
			buildPhases = (
				F33182F32CB5B26F009D518A /* Sources */,
				F33182F42CB5B26F009D518A /* Frameworks */,
				F33182F52CB5B26F009D518A /* Resources */,
				F3965D962CB8F829004F3AFF /* Embed Foundation Extensions */,
				F33708782DD92A74006834F8 /* Embed Frameworks */,
			);
			buildRules = (
			);
			dependencies = (
				F3965D902CB8F829004F3AFF /* PBXTargetDependency */,
			);
			name = "Pro Battery";
			packageProductDependencies = (
				F33183252CB5B9E3009D518A /* DeviceKit */,
				F358F0382D2C1DC500BCC07B /* LaunchAtLogin */,
				F32429DF2DDDBFEB000A16E8 /* ScrechKit */,
			);
			productName = "Pro Battery";
			productReference = F33182F72CB5B26F009D518A /* Pro Battery.app */;
			productType = "com.apple.product-type.application";
		};
		F369EB2E2CBD22C7003F0AF6 /* Unit Tests */ = {
			isa = PBXNativeTarget;
			buildConfigurationList = F369EB372CBD22C7003F0AF6 /* Build configuration list for PBXNativeTarget "Unit Tests" */;
			buildPhases = (
				F369EB2B2CBD22C7003F0AF6 /* Sources */,
				F369EB2C2CBD22C7003F0AF6 /* Frameworks */,
				F369EB2D2CBD22C7003F0AF6 /* Resources */,
			);
			buildRules = (
			);
			dependencies = (
				F369EB342CBD22C7003F0AF6 /* PBXTargetDependency */,
			);
			name = "Unit Tests";
			productName = "Unit Tests";
			productReference = F369EB2F2CBD22C7003F0AF6 /* Unit Tests.xctest */;
			productType = "com.apple.product-type.bundle.unit-test";
		};
		F3965D7D2CB8F828004F3AFF /* Widgets */ = {
			isa = PBXNativeTarget;
			buildConfigurationList = F3965D932CB8F829004F3AFF /* Build configuration list for PBXNativeTarget "Widgets" */;
			buildPhases = (
				F3965D7A2CB8F828004F3AFF /* Sources */,
				F3965D7B2CB8F828004F3AFF /* Frameworks */,
				F3965D7C2CB8F828004F3AFF /* Resources */,
			);
			buildRules = (
			);
			name = Widgets;
			packageProductDependencies = (
				F32429E12DDDBFF1000A16E8 /* ScrechKit */,
			);
			productName = WidgetsExtension;
			productReference = F3965D7E2CB8F828004F3AFF /* Widgets.appex */;
			productType = "com.apple.product-type.app-extension";
		};
/* End PBXNativeTarget section */

/* Begin PBXProject section */
		F33182EF2CB5B26F009D518A /* Project object */ = {
			isa = PBXProject;
			attributes = {
				BuildIndependentTargetsInParallel = 1;
				LastSwiftUpdateCheck = 1600;
				LastUpgradeCheck = 2600;
				TargetAttributes = {
					F33182F62CB5B26F009D518A = {
						CreatedOnToolsVersion = 16.0;
					};
					F369EB2E2CBD22C7003F0AF6 = {
						CreatedOnToolsVersion = 16.0;
						TestTargetID = F33182F62CB5B26F009D518A;
					};
					F3965D7D2CB8F828004F3AFF = {
						CreatedOnToolsVersion = 16.0;
					};
				};
			};
			buildConfigurationList = F33182F22CB5B26F009D518A /* Build configuration list for PBXProject "Pro Battery" */;
			developmentRegion = en;
			hasScannedForEncodings = 0;
			knownRegions = (
				en,
				Base,
				ru,
				nl,
			);
			mainGroup = F33182EE2CB5B26F009D518A;
			minimizedProjectReferenceProxies = 1;
			packageReferences = (
				F33183212CB5B837009D518A /* XCRemoteSwiftPackageReference "ScrechKit" */,
				F33183242CB5B9E3009D518A /* XCRemoteSwiftPackageReference "DeviceKit" */,
				F358F0372D2C1DC500BCC07B /* XCRemoteSwiftPackageReference "LaunchAtLogin" */,
			);
			preferredProjectObjectVersion = 90;
			productRefGroup = F33182F82CB5B26F009D518A /* Products */;
			projectDirPath = "";
			projectRoot = "";
			targets = (
				F33182F62CB5B26F009D518A /* Pro Battery */,
				F3965D7D2CB8F828004F3AFF /* Widgets */,
				F369EB2E2CBD22C7003F0AF6 /* Unit Tests */,
			);
		};
/* End PBXProject section */

/* Begin PBXResourcesBuildPhase section */
		F33182F52CB5B26F009D518A /* Resources */ = {
			isa = PBXResourcesBuildPhase;
			files = (
				F369EB462CBD47F9003F0AF6 /* Localizable.xcstrings in Resources */,
				F3B75CD02E7225CF0096E65E /* AppIcon.icon in Resources */,
				F331831B2CB5B28D009D518A /* Assets.xcassets in Resources */,
			);
		};
		F369EB2D2CBD22C7003F0AF6 /* Resources */ = {
			isa = PBXResourcesBuildPhase;
			files = (
			);
		};
		F3965D7C2CB8F828004F3AFF /* Resources */ = {
			isa = PBXResourcesBuildPhase;
			files = (
				F369EB472CBD47F9003F0AF6 /* Localizable.xcstrings in Resources */,
				F3B75CCF2E7225CF0096E65E /* AppIcon.icon in Resources */,
				F3965D9E2CB8F82D004F3AFF /* Assets.xcassets in Resources */,
			);
		};
/* End PBXResourcesBuildPhase section */

/* Begin PBXSourcesBuildPhase section */
		F33182F32CB5B26F009D518A /* Sources */ = {
			isa = PBXSourcesBuildPhase;
			files = (
				F331831C2CB5B28D009D518A /* ContentView.swift in Sources */,
				F32380002CBEA812001C6D05 /* FetchDesignCycles.swift in Sources */,
				F30950062CBA59EF00DA2148 /* fetchBatteryLevel.swift in Sources */,
				F331831D2CB5B28D009D518A /* ProBattery.swift in Sources */,
				F33183282CB7C483009D518A /* BatteryGauge.swift in Sources */,
				F369EB3E2CBD365C003F0AF6 /* FetchBatteryProps.swift in Sources */,
				F33183202CB5B581009D518A /* BatteryVM.swift in Sources */,
				F341DFB62CB909960001B5EF /* NavContainer.swift in Sources */,
				F369EB402CBD3734003F0AF6 /* FetchCondition.swift in Sources */,
				F369EB3D2CBD3655003F0AF6 /* FetchCapacity.swift in Sources */,
				F3237FFD2CBEA57C001C6D05 /* FetchTemperature.swift in Sources */,
				F369EB3F2CBD36F8003F0AF6 /* FetchCycles.swift in Sources */,
				F358F0352D2C1DA000BCC07B /* AppSettings.swift in Sources */,
			);
		};
		F369EB2B2CBD22C7003F0AF6 /* Sources */ = {
			isa = PBXSourcesBuildPhase;
			files = (
				F369EB3A2CBD22CA003F0AF6 /* UnitTests.swift in Sources */,
			);
		};
		F3965D7A2CB8F828004F3AFF /* Sources */ = {
			isa = PBXSourcesBuildPhase;
			files = (
				F341DFC32CB92F370001B5EF /* CyclesSmallView.swift in Sources */,
				F3965DA42CB8F8D9004F3AFF /* ChargeEntry.swift in Sources */,
				F341DFC02CB916E80001B5EF /* Get Version & Build.swift in Sources */,
				F309500A2CBA5ED500DA2148 /* ChargeTextConfigIntent.swift in Sources */,
				F341DFC92CB930310001B5EF /* CyclesEntryView.swift in Sources */,
				F30A252C2CBBAAC10026D36E /* FetchCapacity.swift in Sources */,
				F341DFBD2CB9168A0001B5EF /* Param.swift in Sources */,
				F341DFCF2CB931F30001B5EF /* CyclesEntry.swift in Sources */,
				F341DFCB2CB931900001B5EF /* CyclesProvider.swift in Sources */,
				F309500E2CBA5F4D00DA2148 /* ChargeTextProvider.swift in Sources */,
				F3237FFC2CBEA57C001C6D05 /* FetchTemperature.swift in Sources */,
				F3965DA82CB8F90B004F3AFF /* ChargeWidgets.swift in Sources */,
				F34484432CBD1A79009A1144 /* FetchChargeWidgetInfo.swift in Sources */,
				F30A25302CBBAB220026D36E /* FetchCondition.swift in Sources */,
				F341DFD22CB935B70001B5EF /* CapacityProvider.swift in Sources */,
				F341DFD82CB935BD0001B5EF /* CapacityEntry.swift in Sources */,
				F341DFD62CB935BC0001B5EF /* CapacityWidgets.swift in Sources */,
				F3965DA02CB8F82D004F3AFF /* ChargeConfigIntent.swift in Sources */,
				F30950072CBA59FF00DA2148 /* fetchBatteryLevel.swift in Sources */,
				F369EB422CBD4325003F0AF6 /* CapacityMediumView.swift in Sources */,
				F30950122CBA5FD000DA2148 /* ChargeTextEntryView.swift in Sources */,
				F341DFB92CB90BD90001B5EF /* ChargeMediumView.swift in Sources */,
				F369EB442CBD4351003F0AF6 /* CyclesMediumView.swift in Sources */,
				F34484412CBD1A68009A1144 /* ChargeWidgetInfo.swift in Sources */,
				F370B2432CB9AE7F00D70865 /* FetchBatteryProps.swift in Sources */,
				F309500C2CBA5EFE00DA2148 /* ChargeTextSmallView.swift in Sources */,
				F369EB3C2CBD3267003F0AF6 /* ChargeTextMediumView.swift in Sources */,
				F341DFBB2CB90C400001B5EF /* ChargeSmallView.swift in Sources */,
				F3965DA12CB8F82D004F3AFF /* ChargeProvider.swift in Sources */,
				F341DFDB2CB935C10001B5EF /* CapacitySmallView.swift in Sources */,
				F341DFDC2CB935C10001B5EF /* CapacityEntryView.swift in Sources */,
				F341DFD42CB935BA0001B5EF /* CapacityConfigIntent.swift in Sources */,
				F3965DA92CB8F9B7004F3AFF /* BatteryGauge.swift in Sources */,
				F341DFC72CB9301A0001B5EF /* CyclesWidgets.swift in Sources */,
				F30950102CBA5F5D00DA2148 /* ChargeTextEntry.swift in Sources */,
				F30950142CBA600300DA2148 /* ChargeTextWidget.swift in Sources */,
				F30A25322CBBB53B0026D36E /* Extension.swift in Sources */,
				F3237FFF2CBEA812001C6D05 /* FetchDesignCycles.swift in Sources */,
				F341DFCD2CB931B20001B5EF /* CyclesConfigIntent.swift in Sources */,
				F3965DA62CB8F8F4004F3AFF /* ChargeEntryView.swift in Sources */,
				F30A252E2CBBAB050026D36E /* FetchCycles.swift in Sources */,
				F3965DA22CB8F82D004F3AFF /* WidgetsBundle.swift in Sources */,
			);
		};
/* End PBXSourcesBuildPhase section */

/* Begin PBXTargetDependency section */
		F369EB342CBD22C7003F0AF6 /* PBXTargetDependency */ = {
			isa = PBXTargetDependency;
			target = F33182F62CB5B26F009D518A /* Pro Battery */;
			targetProxy = F369EB332CBD22C7003F0AF6 /* PBXContainerItemProxy */;
		};
		F3965D902CB8F829004F3AFF /* PBXTargetDependency */ = {
			isa = PBXTargetDependency;
			target = F3965D7D2CB8F828004F3AFF /* Widgets */;
			targetProxy = F3965D8F2CB8F829004F3AFF /* PBXContainerItemProxy */;
		};
/* End PBXTargetDependency section */

/* Begin XCBuildConfiguration section */
		F33183042CB5B26F009D518A /* Debug configuration for PBXProject "Pro Battery" */ = {
			isa = XCBuildConfiguration;
			buildSettings = {
				ALWAYS_SEARCH_USER_PATHS = NO;
				ASSETCATALOG_COMPILER_GENERATE_SWIFT_ASSET_SYMBOL_EXTENSIONS = YES;
				CLANG_ANALYZER_LOCALIZABILITY_NONLOCALIZED = YES;
				CLANG_ANALYZER_NONNULL = YES;
				CLANG_ANALYZER_NUMBER_OBJECT_CONVERSION = YES_AGGRESSIVE;
				CLANG_CXX_LANGUAGE_STANDARD = "gnu++20";
				CLANG_ENABLE_MODULES = YES;
				CLANG_ENABLE_OBJC_ARC = YES;
				CLANG_ENABLE_OBJC_WEAK = YES;
				CLANG_WARN_BLOCK_CAPTURE_AUTORELEASING = YES;
				CLANG_WARN_BOOL_CONVERSION = YES;
				CLANG_WARN_COMMA = YES;
				CLANG_WARN_CONSTANT_CONVERSION = YES;
				CLANG_WARN_DEPRECATED_OBJC_IMPLEMENTATIONS = YES;
				CLANG_WARN_DIRECT_OBJC_ISA_USAGE = YES_ERROR;
				CLANG_WARN_DOCUMENTATION_COMMENTS = YES;
				CLANG_WARN_EMPTY_BODY = YES;
				CLANG_WARN_ENUM_CONVERSION = YES;
				CLANG_WARN_INFINITE_RECURSION = YES;
				CLANG_WARN_INT_CONVERSION = YES;
				CLANG_WARN_NON_LITERAL_NULL_CONVERSION = YES;
				CLANG_WARN_OBJC_IMPLICIT_RETAIN_SELF = YES;
				CLANG_WARN_OBJC_LITERAL_CONVERSION = YES;
				CLANG_WARN_OBJC_ROOT_CLASS = YES_ERROR;
				CLANG_WARN_QUOTED_INCLUDE_IN_FRAMEWORK_HEADER = YES;
				CLANG_WARN_RANGE_LOOP_ANALYSIS = YES;
				CLANG_WARN_STRICT_PROTOTYPES = YES;
				CLANG_WARN_SUSPICIOUS_MOVE = YES;
				CLANG_WARN_UNGUARDED_AVAILABILITY = YES_AGGRESSIVE;
				CLANG_WARN_UNREACHABLE_CODE = YES;
				CLANG_WARN__DUPLICATE_METHOD_MATCH = YES;
				COPY_PHASE_STRIP = NO;
				CURRENT_PROJECT_VERSION = 0;
				DEAD_CODE_STRIPPING = YES;
				DEBUG_INFORMATION_FORMAT = dwarf;
				DEVELOPMENT_TEAM = 8FQUA2F388;
				ENABLE_STRICT_OBJC_MSGSEND = YES;
				ENABLE_TESTABILITY = YES;
				ENABLE_USER_SCRIPT_SANDBOXING = YES;
				GCC_C_LANGUAGE_STANDARD = gnu17;
				GCC_DYNAMIC_NO_PIC = NO;
				GCC_NO_COMMON_BLOCKS = YES;
				GCC_OPTIMIZATION_LEVEL = 0;
				GCC_PREPROCESSOR_DEFINITIONS = (
					"DEBUG=1",
					"$(inherited)",
				);
				GCC_WARN_64_TO_32_BIT_CONVERSION = YES;
				GCC_WARN_ABOUT_RETURN_TYPE = YES_ERROR;
				GCC_WARN_UNDECLARED_SELECTOR = YES;
				GCC_WARN_UNINITIALIZED_AUTOS = YES_AGGRESSIVE;
				GCC_WARN_UNUSED_FUNCTION = YES;
				GCC_WARN_UNUSED_VARIABLE = YES;
				LOCALIZATION_PREFERS_STRING_CATALOGS = YES;
				MARKETING_VERSION = 26.0.1;
				MTL_ENABLE_DEBUG_INFO = INCLUDE_SOURCE;
				MTL_FAST_MATH = YES;
				ONLY_ACTIVE_ARCH = YES;
				STRING_CATALOG_GENERATE_SYMBOLS = YES;
				SWIFT_ACTIVE_COMPILATION_CONDITIONS = "DEBUG $(inherited)";
				SWIFT_EMIT_LOC_STRINGS = YES;
				SWIFT_OPTIMIZATION_LEVEL = "-Onone";
			};
			name = Debug;
		};
		F33183052CB5B26F009D518A /* Release configuration for PBXProject "Pro Battery" */ = {
			isa = XCBuildConfiguration;
			buildSettings = {
				ALWAYS_SEARCH_USER_PATHS = NO;
				ASSETCATALOG_COMPILER_GENERATE_SWIFT_ASSET_SYMBOL_EXTENSIONS = YES;
				CLANG_ANALYZER_LOCALIZABILITY_NONLOCALIZED = YES;
				CLANG_ANALYZER_NONNULL = YES;
				CLANG_ANALYZER_NUMBER_OBJECT_CONVERSION = YES_AGGRESSIVE;
				CLANG_CXX_LANGUAGE_STANDARD = "gnu++20";
				CLANG_ENABLE_MODULES = YES;
				CLANG_ENABLE_OBJC_ARC = YES;
				CLANG_ENABLE_OBJC_WEAK = YES;
				CLANG_WARN_BLOCK_CAPTURE_AUTORELEASING = YES;
				CLANG_WARN_BOOL_CONVERSION = YES;
				CLANG_WARN_COMMA = YES;
				CLANG_WARN_CONSTANT_CONVERSION = YES;
				CLANG_WARN_DEPRECATED_OBJC_IMPLEMENTATIONS = YES;
				CLANG_WARN_DIRECT_OBJC_ISA_USAGE = YES_ERROR;
				CLANG_WARN_DOCUMENTATION_COMMENTS = YES;
				CLANG_WARN_EMPTY_BODY = YES;
				CLANG_WARN_ENUM_CONVERSION = YES;
				CLANG_WARN_INFINITE_RECURSION = YES;
				CLANG_WARN_INT_CONVERSION = YES;
				CLANG_WARN_NON_LITERAL_NULL_CONVERSION = YES;
				CLANG_WARN_OBJC_IMPLICIT_RETAIN_SELF = YES;
				CLANG_WARN_OBJC_LITERAL_CONVERSION = YES;
				CLANG_WARN_OBJC_ROOT_CLASS = YES_ERROR;
				CLANG_WARN_QUOTED_INCLUDE_IN_FRAMEWORK_HEADER = YES;
				CLANG_WARN_RANGE_LOOP_ANALYSIS = YES;
				CLANG_WARN_STRICT_PROTOTYPES = YES;
				CLANG_WARN_SUSPICIOUS_MOVE = YES;
				CLANG_WARN_UNGUARDED_AVAILABILITY = YES_AGGRESSIVE;
				CLANG_WARN_UNREACHABLE_CODE = YES;
				CLANG_WARN__DUPLICATE_METHOD_MATCH = YES;
				COPY_PHASE_STRIP = NO;
				CURRENT_PROJECT_VERSION = 0;
				DEAD_CODE_STRIPPING = YES;
				DEBUG_INFORMATION_FORMAT = "dwarf-with-dsym";
				DEVELOPMENT_TEAM = 8FQUA2F388;
				ENABLE_NS_ASSERTIONS = NO;
				ENABLE_STRICT_OBJC_MSGSEND = YES;
				ENABLE_USER_SCRIPT_SANDBOXING = YES;
				GCC_C_LANGUAGE_STANDARD = gnu17;
				GCC_NO_COMMON_BLOCKS = YES;
				GCC_WARN_64_TO_32_BIT_CONVERSION = YES;
				GCC_WARN_ABOUT_RETURN_TYPE = YES_ERROR;
				GCC_WARN_UNDECLARED_SELECTOR = YES;
				GCC_WARN_UNINITIALIZED_AUTOS = YES_AGGRESSIVE;
				GCC_WARN_UNUSED_FUNCTION = YES;
				GCC_WARN_UNUSED_VARIABLE = YES;
				LOCALIZATION_PREFERS_STRING_CATALOGS = YES;
				MARKETING_VERSION = 26.0.1;
				MTL_ENABLE_DEBUG_INFO = NO;
				MTL_FAST_MATH = YES;
				STRING_CATALOG_GENERATE_SYMBOLS = YES;
				SWIFT_COMPILATION_MODE = wholemodule;
				SWIFT_EMIT_LOC_STRINGS = YES;
			};
			name = Release;
		};
		F33183072CB5B26F009D518A /* Debug configuration for PBXNativeTarget "Pro Battery" */ = {
			isa = XCBuildConfiguration;
			buildSettings = {
				ASSETCATALOG_COMPILER_APPICON_NAME = AppIcon;
				ASSETCATALOG_COMPILER_GLOBAL_ACCENT_COLOR_NAME = AccentColor;
				CODE_SIGN_ENTITLEMENTS = "Pro Battery/macOS.entitlements";
				CODE_SIGN_STYLE = Automatic;
				CURRENT_PROJECT_VERSION = 0;
				DEAD_CODE_STRIPPING = YES;
				ENABLE_APP_SANDBOX = YES;
				ENABLE_HARDENED_RUNTIME = YES;
				ENABLE_PREVIEWS = YES;
				ENABLE_USER_SELECTED_FILES = readonly;
				GENERATE_INFOPLIST_FILE = YES;
				INFOPLIST_FILE = "Pro Battery/macOS.plist";
				INFOPLIST_KEY_CFBundleDisplayName = "Pro Battery";
				INFOPLIST_KEY_LSApplicationCategoryType = "public.app-category.utilities";
				"INFOPLIST_KEY_UIApplicationSceneManifest_Generation[sdk=iphoneos*]" = YES;
				"INFOPLIST_KEY_UIApplicationSceneManifest_Generation[sdk=iphonesimulator*]" = YES;
				"INFOPLIST_KEY_UIApplicationSupportsIndirectInputEvents[sdk=iphoneos*]" = YES;
				"INFOPLIST_KEY_UIApplicationSupportsIndirectInputEvents[sdk=iphonesimulator*]" = YES;
				"INFOPLIST_KEY_UILaunchScreen_Generation[sdk=iphoneos*]" = YES;
				"INFOPLIST_KEY_UILaunchScreen_Generation[sdk=iphonesimulator*]" = YES;
				"INFOPLIST_KEY_UIStatusBarStyle[sdk=iphoneos*]" = UIStatusBarStyleDefault;
				"INFOPLIST_KEY_UIStatusBarStyle[sdk=iphonesimulator*]" = UIStatusBarStyleDefault;
				INFOPLIST_KEY_UISupportedInterfaceOrientations_iPad = "UIInterfaceOrientationPortrait UIInterfaceOrientationPortraitUpsideDown UIInterfaceOrientationLandscapeLeft UIInterfaceOrientationLandscapeRight";
				INFOPLIST_KEY_UISupportedInterfaceOrientations_iPhone = "UIInterfaceOrientationPortrait UIInterfaceOrientationLandscapeLeft UIInterfaceOrientationLandscapeRight";
				IPHONEOS_DEPLOYMENT_TARGET = 18.0;
				LD_RUNPATH_SEARCH_PATHS = "@executable_path/Frameworks";
				"LD_RUNPATH_SEARCH_PATHS[sdk=macosx*]" = "@executable_path/../Frameworks";
				MACOSX_DEPLOYMENT_TARGET = 14.0;
				PRODUCT_BUNDLE_IDENTIFIER = "dev.topscrech.Pro-Battery";
				PRODUCT_NAME = "$(TARGET_NAME)";
				SDKROOT = auto;
				SUPPORTED_PLATFORMS = macosx;
				SUPPORTS_MACCATALYST = NO;
				SWIFT_DEFAULT_ACTOR_ISOLATION = MainActor;
				SWIFT_EMIT_LOC_STRINGS = YES;
				SWIFT_VERSION = 6.0;
				XROS_DEPLOYMENT_TARGET = 2.0;
			};
			name = Debug;
		};
		F33183082CB5B26F009D518A /* Release configuration for PBXNativeTarget "Pro Battery" */ = {
			isa = XCBuildConfiguration;
			buildSettings = {
				ASSETCATALOG_COMPILER_APPICON_NAME = AppIcon;
				ASSETCATALOG_COMPILER_GLOBAL_ACCENT_COLOR_NAME = AccentColor;
				CODE_SIGN_ENTITLEMENTS = "Pro Battery/macOS.entitlements";
				CODE_SIGN_STYLE = Automatic;
				CURRENT_PROJECT_VERSION = 0;
				DEAD_CODE_STRIPPING = YES;
				ENABLE_APP_SANDBOX = YES;
				ENABLE_HARDENED_RUNTIME = YES;
				ENABLE_PREVIEWS = YES;
				ENABLE_USER_SELECTED_FILES = readonly;
				GENERATE_INFOPLIST_FILE = YES;
				INFOPLIST_FILE = "Pro Battery/macOS.plist";
				INFOPLIST_KEY_CFBundleDisplayName = "Pro Battery";
				INFOPLIST_KEY_LSApplicationCategoryType = "public.app-category.utilities";
				"INFOPLIST_KEY_UIApplicationSceneManifest_Generation[sdk=iphoneos*]" = YES;
				"INFOPLIST_KEY_UIApplicationSceneManifest_Generation[sdk=iphonesimulator*]" = YES;
				"INFOPLIST_KEY_UIApplicationSupportsIndirectInputEvents[sdk=iphoneos*]" = YES;
				"INFOPLIST_KEY_UIApplicationSupportsIndirectInputEvents[sdk=iphonesimulator*]" = YES;
				"INFOPLIST_KEY_UILaunchScreen_Generation[sdk=iphoneos*]" = YES;
				"INFOPLIST_KEY_UILaunchScreen_Generation[sdk=iphonesimulator*]" = YES;
				"INFOPLIST_KEY_UIStatusBarStyle[sdk=iphoneos*]" = UIStatusBarStyleDefault;
				"INFOPLIST_KEY_UIStatusBarStyle[sdk=iphonesimulator*]" = UIStatusBarStyleDefault;
				INFOPLIST_KEY_UISupportedInterfaceOrientations_iPad = "UIInterfaceOrientationPortrait UIInterfaceOrientationPortraitUpsideDown UIInterfaceOrientationLandscapeLeft UIInterfaceOrientationLandscapeRight";
				INFOPLIST_KEY_UISupportedInterfaceOrientations_iPhone = "UIInterfaceOrientationPortrait UIInterfaceOrientationLandscapeLeft UIInterfaceOrientationLandscapeRight";
				IPHONEOS_DEPLOYMENT_TARGET = 18.0;
				LD_RUNPATH_SEARCH_PATHS = "@executable_path/Frameworks";
				"LD_RUNPATH_SEARCH_PATHS[sdk=macosx*]" = "@executable_path/../Frameworks";
				MACOSX_DEPLOYMENT_TARGET = 14.0;
				PRODUCT_BUNDLE_IDENTIFIER = "dev.topscrech.Pro-Battery";
				PRODUCT_NAME = "$(TARGET_NAME)";
				SDKROOT = auto;
				SUPPORTED_PLATFORMS = macosx;
				SUPPORTS_MACCATALYST = NO;
				SWIFT_DEFAULT_ACTOR_ISOLATION = MainActor;
				SWIFT_EMIT_LOC_STRINGS = YES;
				SWIFT_VERSION = 6.0;
				XROS_DEPLOYMENT_TARGET = 2.0;
			};
			name = Release;
		};
		F369EB352CBD22C7003F0AF6 /* Debug configuration for PBXNativeTarget "Unit Tests" */ = {
			isa = XCBuildConfiguration;
			buildSettings = {
				BUNDLE_LOADER = "$(TEST_HOST)";
				CODE_SIGN_STYLE = Automatic;
				CURRENT_PROJECT_VERSION = 1;
				DEAD_CODE_STRIPPING = YES;
				GENERATE_INFOPLIST_FILE = YES;
				MACOSX_DEPLOYMENT_TARGET = 14.0;
				MARKETING_VERSION = "";
				PRODUCT_BUNDLE_IDENTIFIER = "dev.topscrech.Pro-Battery.Unit-Tests";
				PRODUCT_NAME = "$(TARGET_NAME)";
				SDKROOT = macosx;
				SWIFT_DEFAULT_ACTOR_ISOLATION = MainActor;
				SWIFT_EMIT_LOC_STRINGS = NO;
				SWIFT_VERSION = 6.0;
				TEST_HOST = "$(BUILT_PRODUCTS_DIR)/Pro Battery.app/$(BUNDLE_EXECUTABLE_FOLDER_PATH)/Pro Battery";
			};
			name = Debug;
		};
		F369EB362CBD22C7003F0AF6 /* Release configuration for PBXNativeTarget "Unit Tests" */ = {
			isa = XCBuildConfiguration;
			buildSettings = {
				BUNDLE_LOADER = "$(TEST_HOST)";
				CODE_SIGN_STYLE = Automatic;
				CURRENT_PROJECT_VERSION = 1;
				DEAD_CODE_STRIPPING = YES;
				GENERATE_INFOPLIST_FILE = YES;
				MACOSX_DEPLOYMENT_TARGET = 14.0;
				MARKETING_VERSION = "";
				PRODUCT_BUNDLE_IDENTIFIER = "dev.topscrech.Pro-Battery.Unit-Tests";
				PRODUCT_NAME = "$(TARGET_NAME)";
				SDKROOT = macosx;
				SWIFT_DEFAULT_ACTOR_ISOLATION = MainActor;
				SWIFT_EMIT_LOC_STRINGS = NO;
				SWIFT_VERSION = 6.0;
				TEST_HOST = "$(BUILT_PRODUCTS_DIR)/Pro Battery.app/$(BUNDLE_EXECUTABLE_FOLDER_PATH)/Pro Battery";
			};
			name = Release;
		};
		F3965D942CB8F829004F3AFF /* Debug configuration for PBXNativeTarget "Widgets" */ = {
			isa = XCBuildConfiguration;
			buildSettings = {
				ASSETCATALOG_COMPILER_GLOBAL_ACCENT_COLOR_NAME = AccentColor;
				ASSETCATALOG_COMPILER_WIDGET_BACKGROUND_COLOR_NAME = WidgetBackground;
				CODE_SIGN_ENTITLEMENTS = Widgets/Widgets.entitlements;
				CODE_SIGN_STYLE = Automatic;
				CURRENT_PROJECT_VERSION = 0;
				DEAD_CODE_STRIPPING = YES;
				ENABLE_HARDENED_RUNTIME = YES;
				GENERATE_INFOPLIST_FILE = YES;
				INFOPLIST_FILE = Widgets/Widgets.plist;
				INFOPLIST_KEY_CFBundleDisplayName = "Pro Battery";
				INFOPLIST_KEY_NSHumanReadableCopyright = "";
				LD_RUNPATH_SEARCH_PATHS = (
					"$(inherited)",
					"@executable_path/../Frameworks",
					"@executable_path/../../../../Frameworks",
				);
				MACOSX_DEPLOYMENT_TARGET = 14.0;
				PRODUCT_BUNDLE_IDENTIFIER = "dev.topscrech.Pro-Battery.Widgets";
				PRODUCT_NAME = "$(TARGET_NAME)";
				SDKROOT = macosx;
				SKIP_INSTALL = YES;
				SWIFT_EMIT_LOC_STRINGS = YES;
				SWIFT_VERSION = 6.0;
			};
			name = Debug;
		};
		F3965D952CB8F829004F3AFF /* Release configuration for PBXNativeTarget "Widgets" */ = {
			isa = XCBuildConfiguration;
			buildSettings = {
				ASSETCATALOG_COMPILER_GLOBAL_ACCENT_COLOR_NAME = AccentColor;
				ASSETCATALOG_COMPILER_WIDGET_BACKGROUND_COLOR_NAME = WidgetBackground;
				CODE_SIGN_ENTITLEMENTS = Widgets/Widgets.entitlements;
				CODE_SIGN_STYLE = Automatic;
				CURRENT_PROJECT_VERSION = 0;
				DEAD_CODE_STRIPPING = YES;
				ENABLE_HARDENED_RUNTIME = YES;
				GENERATE_INFOPLIST_FILE = YES;
				INFOPLIST_FILE = Widgets/Widgets.plist;
				INFOPLIST_KEY_CFBundleDisplayName = "Pro Battery";
				INFOPLIST_KEY_NSHumanReadableCopyright = "";
				LD_RUNPATH_SEARCH_PATHS = (
					"$(inherited)",
					"@executable_path/../Frameworks",
					"@executable_path/../../../../Frameworks",
				);
				MACOSX_DEPLOYMENT_TARGET = 14.0;
				PRODUCT_BUNDLE_IDENTIFIER = "dev.topscrech.Pro-Battery.Widgets";
				PRODUCT_NAME = "$(TARGET_NAME)";
				SDKROOT = macosx;
				SKIP_INSTALL = YES;
				SWIFT_EMIT_LOC_STRINGS = YES;
				SWIFT_VERSION = 6.0;
			};
			name = Release;
		};
/* End XCBuildConfiguration section */

/* Begin XCConfigurationList section */
		F33182F22CB5B26F009D518A /* Build configuration list for PBXProject "Pro Battery" */ = {
			isa = XCConfigurationList;
			buildConfigurations = (
				F33183042CB5B26F009D518A /* Debug configuration for PBXProject "Pro Battery" */,
				F33183052CB5B26F009D518A /* Release configuration for PBXProject "Pro Battery" */,
			);
			defaultConfigurationName = Release;
		};
		F33183062CB5B26F009D518A /* Build configuration list for PBXNativeTarget "Pro Battery" */ = {
			isa = XCConfigurationList;
			buildConfigurations = (
				F33183072CB5B26F009D518A /* Debug configuration for PBXNativeTarget "Pro Battery" */,
				F33183082CB5B26F009D518A /* Release configuration for PBXNativeTarget "Pro Battery" */,
			);
			defaultConfigurationName = Release;
		};
		F369EB372CBD22C7003F0AF6 /* Build configuration list for PBXNativeTarget "Unit Tests" */ = {
			isa = XCConfigurationList;
			buildConfigurations = (
				F369EB352CBD22C7003F0AF6 /* Debug configuration for PBXNativeTarget "Unit Tests" */,
				F369EB362CBD22C7003F0AF6 /* Release configuration for PBXNativeTarget "Unit Tests" */,
			);
			defaultConfigurationName = Release;
		};
		F3965D932CB8F829004F3AFF /* Build configuration list for PBXNativeTarget "Widgets" */ = {
			isa = XCConfigurationList;
			buildConfigurations = (
				F3965D942CB8F829004F3AFF /* Debug configuration for PBXNativeTarget "Widgets" */,
				F3965D952CB8F829004F3AFF /* Release configuration for PBXNativeTarget "Widgets" */,
			);
			defaultConfigurationName = Release;
		};
/* End XCConfigurationList section */

/* Begin XCRemoteSwiftPackageReference section */
		F33183212CB5B837009D518A /* XCRemoteSwiftPackageReference "ScrechKit" */ = {
			isa = XCRemoteSwiftPackageReference;
			repositoryURL = "https://github.com/TopScrech/ScrechKit";
			requirement = {
				branch = main;
				kind = branch;
			};
		};
		F33183242CB5B9E3009D518A /* XCRemoteSwiftPackageReference "DeviceKit" */ = {
			isa = XCRemoteSwiftPackageReference;
			repositoryURL = "https://github.com/devicekit/DeviceKit";
			requirement = {
				kind = upToNextMajorVersion;
				minimumVersion = 5.5.0;
			};
		};
		F358F0372D2C1DC500BCC07B /* XCRemoteSwiftPackageReference "LaunchAtLogin" */ = {
			isa = XCRemoteSwiftPackageReference;
			repositoryURL = "https://github.com/TopScrech/LaunchAtLogin";
			requirement = {
				branch = main;
				kind = branch;
			};
		};
/* End XCRemoteSwiftPackageReference section */

/* Begin XCSwiftPackageProductDependency section */
		F32429DF2DDDBFEB000A16E8 /* ScrechKit */ = {
			isa = XCSwiftPackageProductDependency;
			package = F33183212CB5B837009D518A /* XCRemoteSwiftPackageReference "ScrechKit" */;
			productName = ScrechKit;
		};
		F32429E12DDDBFF1000A16E8 /* ScrechKit */ = {
			isa = XCSwiftPackageProductDependency;
			package = F33183212CB5B837009D518A /* XCRemoteSwiftPackageReference "ScrechKit" */;
			productName = ScrechKit;
		};
		F33183252CB5B9E3009D518A /* DeviceKit */ = {
			isa = XCSwiftPackageProductDependency;
			package = F33183242CB5B9E3009D518A /* XCRemoteSwiftPackageReference "DeviceKit" */;
			productName = DeviceKit;
		};
		F358F0382D2C1DC500BCC07B /* LaunchAtLogin */ = {
			isa = XCSwiftPackageProductDependency;
			package = F358F0372D2C1DC500BCC07B /* XCRemoteSwiftPackageReference "LaunchAtLogin" */;
			productName = LaunchAtLogin;
		};
/* End XCSwiftPackageProductDependency section */
	};
	rootObject = F33182EF2CB5B26F009D518A /* Project object */;
}
