{
  "originHash" : "e7b983fabc6fbf96c473abd3e6abe69af8890f1a21f62ef1f3a93989da8234fe",
  "pins" : [
    {
      "identity" : "launchatlogin",
      "kind" : "remoteSourceControl",
      "location" : "https://github.com/TopScrech/LaunchAtLogin",
      "state" : {
        "revision" : "f902aeb6cfa478f7cba038de32e9326b7d983d66",
        "version" : "1.0.2"
      }
    },
    {
      "identity" : "screchkit",
      "kind" : "remoteSourceControl",
      "location" : "https://github.com/TopScrech/ScrechKit",
      "state" : {
        "revision" : "6b8afa5cc32215c6a7832ab3afec9402cf4ad51c",
        "version" : "1.0.14"
      }
    }
  ],
  "version" : 3
}
