{
  "originHash" : "acfe845d05f517c1b6564ad9f9224ca6e28b911d3d3df9db8a978b5363f6fcfc",
  "pins" : [
    {
      "identity" : "devicekit",
      "kind" : "remoteSourceControl",
      "location" : "https://github.com/devicekit/DeviceKit",
      "state" : {
        "revision" : "56b997e8a61707218f9af09f32b2a1d1806fd792",
        "version" : "5.8.0"
      }
    },
    {
      "identity" : "launchatlogin",
      "kind" : "remoteSourceControl",
      "location" : "https://github.com/TopScrech/LaunchAtLogin",
      "state" : {
        "branch" : "main",
        "revision" : "de46c95b812441c47eb2754c8bd10fc0ee2afa2e"
      }
    },
    {
      "identity" : "screchkit",
      "kind" : "remoteSourceControl",
      "location" : "https://github.com/TopScrech/ScrechKit",
      "state" : {
        "branch" : "main",
        "revision" : "98aa4363c5fe1e0617894a41baa9f297083fb5ac"
      }
    }
  ],
  "version" : 3
}
